// !$*UTF8*$!
{
	archiveVersion = 1;
	classes = {
	};
	objectVersion = 48;
	objects = {

/* Begin PBXBuildFile section */
		27B7B45021FFF9F500CE2354 /* mariadb_charset.c in Sources */ = {isa = PBXBuildFile; fileRef = 27B7B43221FFF9F500CE2354 /* mariadb_charset.c */; };
		27B7B45121FFF9F500CE2354 /* mariadb_charset.c in Sources */ = {isa = PBXBuildFile; fileRef = 27B7B43221FFF9F500CE2354 /* mariadb_charset.c */; };
		27B7B45221FFF9F500CE2354 /* ma_context.c in Sources */ = {isa = PBXBuildFile; fileRef = 27B7B43321FFF9F500CE2354 /* ma_context.c */; };
		27B7B45321FFF9F500CE2354 /* ma_context.c in Sources */ = {isa = PBXBuildFile; fileRef = 27B7B43321FFF9F500CE2354 /* ma_context.c */; };
		27B7B45421FFF9F500CE2354 /* ma_charset.c in Sources */ = {isa = PBXBuildFile; fileRef = 27B7B43421FFF9F500CE2354 /* ma_charset.c */; };
		27B7B45521FFF9F500CE2354 /* ma_charset.c in Sources */ = {isa = PBXBuildFile; fileRef = 27B7B43421FFF9F500CE2354 /* ma_charset.c */; };
		27B7B45621FFF9F500CE2354 /* ma_list.c in Sources */ = {isa = PBXBuildFile; fileRef = 27B7B43521FFF9F500CE2354 /* ma_list.c */; };
		27B7B45721FFF9F500CE2354 /* ma_list.c in Sources */ = {isa = PBXBuildFile; fileRef = 27B7B43521FFF9F500CE2354 /* ma_list.c */; };
		27B7B45821FFF9F500CE2354 /* ma_errmsg.c in Sources */ = {isa = PBXBuildFile; fileRef = 27B7B43621FFF9F500CE2354 /* ma_errmsg.c */; };
		27B7B45921FFF9F500CE2354 /* ma_errmsg.c in Sources */ = {isa = PBXBuildFile; fileRef = 27B7B43621FFF9F500CE2354 /* ma_errmsg.c */; };
		27B7B45A21FFF9F500CE2354 /* ma_compress.c in Sources */ = {isa = PBXBuildFile; fileRef = 27B7B43721FFF9F500CE2354 /* ma_compress.c */; };
		27B7B45B21FFF9F500CE2354 /* ma_compress.c in Sources */ = {isa = PBXBuildFile; fileRef = 27B7B43721FFF9F500CE2354 /* ma_compress.c */; };
		27B7B45C21FFF9F500CE2354 /* ma_dtoa.c in Sources */ = {isa = PBXBuildFile; fileRef = 27B7B43821FFF9F500CE2354 /* ma_dtoa.c */; };
		27B7B45D21FFF9F500CE2354 /* ma_dtoa.c in Sources */ = {isa = PBXBuildFile; fileRef = 27B7B43821FFF9F500CE2354 /* ma_dtoa.c */; };
		27B7B45E21FFF9F500CE2354 /* ma_ll2str.c in Sources */ = {isa = PBXBuildFile; fileRef = 27B7B43921FFF9F500CE2354 /* ma_ll2str.c */; };
		27B7B45F21FFF9F500CE2354 /* ma_ll2str.c in Sources */ = {isa = PBXBuildFile; fileRef = 27B7B43921FFF9F500CE2354 /* ma_ll2str.c */; };
		27B7B46021FFF9F500CE2354 /* ma_string.c in Sources */ = {isa = PBXBuildFile; fileRef = 27B7B43A21FFF9F500CE2354 /* ma_string.c */; };
		27B7B46121FFF9F500CE2354 /* ma_string.c in Sources */ = {isa = PBXBuildFile; fileRef = 27B7B43A21FFF9F500CE2354 /* ma_string.c */; };
		27B7B46221FFF9F500CE2354 /* ma_password.c in Sources */ = {isa = PBXBuildFile; fileRef = 27B7B43B21FFF9F500CE2354 /* ma_password.c */; };
		27B7B46321FFF9F500CE2354 /* ma_password.c in Sources */ = {isa = PBXBuildFile; fileRef = 27B7B43B21FFF9F500CE2354 /* ma_password.c */; };
		27B7B46421FFF9F500CE2354 /* ma_init.c in Sources */ = {isa = PBXBuildFile; fileRef = 27B7B43C21FFF9F500CE2354 /* ma_init.c */; };
		27B7B46521FFF9F500CE2354 /* ma_init.c in Sources */ = {isa = PBXBuildFile; fileRef = 27B7B43C21FFF9F500CE2354 /* ma_init.c */; };
		27B7B46621FFF9F500CE2354 /* ma_loaddata.c in Sources */ = {isa = PBXBuildFile; fileRef = 27B7B43D21FFF9F500CE2354 /* ma_loaddata.c */; };
		27B7B46721FFF9F500CE2354 /* ma_loaddata.c in Sources */ = {isa = PBXBuildFile; fileRef = 27B7B43D21FFF9F500CE2354 /* ma_loaddata.c */; };
		27B7B46821FFF9F500CE2354 /* ma_sha1.c in Sources */ = {isa = PBXBuildFile; fileRef = 27B7B43E21FFF9F500CE2354 /* ma_sha1.c */; };
		27B7B46921FFF9F500CE2354 /* ma_sha1.c in Sources */ = {isa = PBXBuildFile; fileRef = 27B7B43E21FFF9F500CE2354 /* ma_sha1.c */; };
		27B7B46A21FFF9F500CE2354 /* ma_client_plugin.c.in in Resources */ = {isa = PBXBuildFile; fileRef = 27B7B43F21FFF9F500CE2354 /* ma_client_plugin.c.in */; };
		27B7B46B21FFF9F500CE2354 /* ma_client_plugin.c.in in Resources */ = {isa = PBXBuildFile; fileRef = 27B7B43F21FFF9F500CE2354 /* ma_client_plugin.c.in */; };
		27B7B46C21FFF9F500CE2354 /* ma_hash.c in Sources */ = {isa = PBXBuildFile; fileRef = 27B7B44021FFF9F500CE2354 /* ma_hash.c */; };
		27B7B46D21FFF9F500CE2354 /* ma_hash.c in Sources */ = {isa = PBXBuildFile; fileRef = 27B7B44021FFF9F500CE2354 /* ma_hash.c */; };
		27B7B46E21FFF9F500CE2354 /* ma_alloc.c in Sources */ = {isa = PBXBuildFile; fileRef = 27B7B44121FFF9F500CE2354 /* ma_alloc.c */; };
		27B7B46F21FFF9F500CE2354 /* ma_alloc.c in Sources */ = {isa = PBXBuildFile; fileRef = 27B7B44121FFF9F500CE2354 /* ma_alloc.c */; };
		27B7B47021FFF9F500CE2354 /* ma_io.c in Sources */ = {isa = PBXBuildFile; fileRef = 27B7B44221FFF9F500CE2354 /* ma_io.c */; };
		27B7B47121FFF9F500CE2354 /* ma_io.c in Sources */ = {isa = PBXBuildFile; fileRef = 27B7B44221FFF9F500CE2354 /* ma_io.c */; };
		27B7B47221FFF9F500CE2354 /* ma_time.c in Sources */ = {isa = PBXBuildFile; fileRef = 27B7B44321FFF9F500CE2354 /* ma_time.c */; };
		27B7B47321FFF9F500CE2354 /* ma_time.c in Sources */ = {isa = PBXBuildFile; fileRef = 27B7B44321FFF9F500CE2354 /* ma_time.c */; };
		27B7B47421FFF9F500CE2354 /* ma_net.c in Sources */ = {isa = PBXBuildFile; fileRef = 27B7B44421FFF9F500CE2354 /* ma_net.c */; };
		27B7B47521FFF9F500CE2354 /* ma_net.c in Sources */ = {isa = PBXBuildFile; fileRef = 27B7B44421FFF9F500CE2354 /* ma_net.c */; };
		27B7B47621FFF9F500CE2354 /* mariadb_lib.c in Sources */ = {isa = PBXBuildFile; fileRef = 27B7B44521FFF9F500CE2354 /* mariadb_lib.c */; };
		27B7B47721FFF9F500CE2354 /* mariadb_lib.c in Sources */ = {isa = PBXBuildFile; fileRef = 27B7B44521FFF9F500CE2354 /* mariadb_lib.c */; };
		27B7B47821FFF9F500CE2354 /* ma_stmt_codec.c in Sources */ = {isa = PBXBuildFile; fileRef = 27B7B44621FFF9F500CE2354 /* ma_stmt_codec.c */; };
		27B7B47921FFF9F500CE2354 /* ma_stmt_codec.c in Sources */ = {isa = PBXBuildFile; fileRef = 27B7B44621FFF9F500CE2354 /* ma_stmt_codec.c */; };
		27B7B47A21FFF9F500CE2354 /* ma_tls.c in Sources */ = {isa = PBXBuildFile; fileRef = 27B7B44721FFF9F500CE2354 /* ma_tls.c */; };
		27B7B47B21FFF9F500CE2354 /* ma_tls.c in Sources */ = {isa = PBXBuildFile; fileRef = 27B7B44721FFF9F500CE2354 /* ma_tls.c */; };
		27B7B47C21FFF9F500CE2354 /* ma_default.c in Sources */ = {isa = PBXBuildFile; fileRef = 27B7B44821FFF9F500CE2354 /* ma_default.c */; };
		27B7B47D21FFF9F500CE2354 /* ma_default.c in Sources */ = {isa = PBXBuildFile; fileRef = 27B7B44821FFF9F500CE2354 /* ma_default.c */; };
		27B7B47E21FFF9F500CE2354 /* ma_array.c in Sources */ = {isa = PBXBuildFile; fileRef = 27B7B44921FFF9F500CE2354 /* ma_array.c */; };
		27B7B47F21FFF9F500CE2354 /* ma_array.c in Sources */ = {isa = PBXBuildFile; fileRef = 27B7B44921FFF9F500CE2354 /* ma_array.c */; };
		27B7B48021FFF9F500CE2354 /* mariadb_dyncol.c in Sources */ = {isa = PBXBuildFile; fileRef = 27B7B44A21FFF9F500CE2354 /* mariadb_dyncol.c */; };
		27B7B48121FFF9F500CE2354 /* mariadb_dyncol.c in Sources */ = {isa = PBXBuildFile; fileRef = 27B7B44A21FFF9F500CE2354 /* mariadb_dyncol.c */; };
		27B7B48221FFF9F500CE2354 /* ma_client_plugin.c in Sources */ = {isa = PBXBuildFile; fileRef = 27B7B44B21FFF9F500CE2354 /* ma_client_plugin.c */; };
		27B7B48321FFF9F500CE2354 /* ma_client_plugin.c in Sources */ = {isa = PBXBuildFile; fileRef = 27B7B44B21FFF9F500CE2354 /* ma_client_plugin.c */; };
		27B7B48421FFF9F500CE2354 /* ma_pvio.c in Sources */ = {isa = PBXBuildFile; fileRef = 27B7B44C21FFF9F500CE2354 /* ma_pvio.c */; };
		27B7B48521FFF9F500CE2354 /* ma_pvio.c in Sources */ = {isa = PBXBuildFile; fileRef = 27B7B44C21FFF9F500CE2354 /* ma_pvio.c */; };
		27B7B48621FFF9F500CE2354 /* mariadb_stmt.c in Sources */ = {isa = PBXBuildFile; fileRef = 27B7B44D21FFF9F500CE2354 /* mariadb_stmt.c */; };
		27B7B48721FFF9F500CE2354 /* mariadb_stmt.c in Sources */ = {isa = PBXBuildFile; fileRef = 27B7B44D21FFF9F500CE2354 /* mariadb_stmt.c */; };
		27B7B48821FFF9F500CE2354 /* mariadb_async.c in Sources */ = {isa = PBXBuildFile; fileRef = 27B7B44E21FFF9F500CE2354 /* mariadb_async.c */; };
		27B7B48921FFF9F500CE2354 /* mariadb_async.c in Sources */ = {isa = PBXBuildFile; fileRef = 27B7B44E21FFF9F500CE2354 /* mariadb_async.c */; };
		27B7B48A21FFF9F500CE2354 /* get_password.c in Sources */ = {isa = PBXBuildFile; fileRef = 27B7B44F21FFF9F500CE2354 /* get_password.c */; };
		27B7B48B21FFF9F500CE2354 /* get_password.c in Sources */ = {isa = PBXBuildFile; fileRef = 27B7B44F21FFF9F500CE2354 /* get_password.c */; };
		27B7B51021FFFAB900CE2354 /* libiconv.tbd in Frameworks */ = {isa = PBXBuildFile; fileRef = 27B7B50F21FFFAB900CE2354 /* libiconv.tbd */; };
		27B7B51221FFFAC300CE2354 /* libiconv.tbd in Frameworks */ = {isa = PBXBuildFile; fileRef = 27B7B51121FFFAC300CE2354 /* libiconv.tbd */; };
		27B7B51321FFFAE300CE2354 /* my_auth.c in Sources */ = {isa = PBXBuildFile; fileRef = 27B7B50121FFFA1C00CE2354 /* my_auth.c */; };
		27B7B51421FFFAE700CE2354 /* old_password.c in Sources */ = {isa = PBXBuildFile; fileRef = 27B7B50721FFFA1C00CE2354 /* old_password.c */; };
		27B7B51521FFFAEF00CE2354 /* pvio_socket.c in Sources */ = {isa = PBXBuildFile; fileRef = 27B7B4F521FFFA1C00CE2354 /* pvio_socket.c */; };
		27B7B51621FFFBC400CE2354 /* pvio_socket.c in Sources */ = {isa = PBXBuildFile; fileRef = 27B7B4F521FFFA1C00CE2354 /* pvio_socket.c */; };
		27B7B51721FFFBD400CE2354 /* my_auth.c in Sources */ = {isa = PBXBuildFile; fileRef = 27B7B50121FFFA1C00CE2354 /* my_auth.c */; };
		27B7B51821FFFBFA00CE2354 /* old_password.c in Sources */ = {isa = PBXBuildFile; fileRef = 27B7B50721FFFA1C00CE2354 /* old_password.c */; };
		27B7B53721FFFD5300CE2354 /* zutil.h in Headers */ = {isa = PBXBuildFile; fileRef = 27B7B51A21FFFD5200CE2354 /* zutil.h */; };
		27B7B53821FFFD5300CE2354 /* zutil.h in Headers */ = {isa = PBXBuildFile; fileRef = 27B7B51A21FFFD5200CE2354 /* zutil.h */; };
		27B7B53921FFFD5300CE2354 /* inftrees.h in Headers */ = {isa = PBXBuildFile; fileRef = 27B7B51B21FFFD5200CE2354 /* inftrees.h */; };
		27B7B53A21FFFD5300CE2354 /* inftrees.h in Headers */ = {isa = PBXBuildFile; fileRef = 27B7B51B21FFFD5200CE2354 /* inftrees.h */; };
		27B7B53D21FFFD5300CE2354 /* compress.c in Sources */ = {isa = PBXBuildFile; fileRef = 27B7B51D21FFFD5200CE2354 /* compress.c */; };
		27B7B53E21FFFD5300CE2354 /* compress.c in Sources */ = {isa = PBXBuildFile; fileRef = 27B7B51D21FFFD5200CE2354 /* compress.c */; };
		27B7B54121FFFD5300CE2354 /* deflate.c in Sources */ = {isa = PBXBuildFile; fileRef = 27B7B51F21FFFD5200CE2354 /* deflate.c */; };
		27B7B54221FFFD5300CE2354 /* deflate.c in Sources */ = {isa = PBXBuildFile; fileRef = 27B7B51F21FFFD5200CE2354 /* deflate.c */; };
		27B7B54321FFFD5300CE2354 /* inffixed.h in Headers */ = {isa = PBXBuildFile; fileRef = 27B7B52021FFFD5200CE2354 /* inffixed.h */; };
		27B7B54421FFFD5300CE2354 /* inffixed.h in Headers */ = {isa = PBXBuildFile; fileRef = 27B7B52021FFFD5200CE2354 /* inffixed.h */; };
		27B7B54521FFFD5300CE2354 /* gzread.c in Sources */ = {isa = PBXBuildFile; fileRef = 27B7B52121FFFD5200CE2354 /* gzread.c */; };
		27B7B54621FFFD5300CE2354 /* gzread.c in Sources */ = {isa = PBXBuildFile; fileRef = 27B7B52121FFFD5200CE2354 /* gzread.c */; };
		27B7B54721FFFD5300CE2354 /* trees.h in Headers */ = {isa = PBXBuildFile; fileRef = 27B7B52221FFFD5200CE2354 /* trees.h */; };
		27B7B54821FFFD5300CE2354 /* trees.h in Headers */ = {isa = PBXBuildFile; fileRef = 27B7B52221FFFD5200CE2354 /* trees.h */; };
		27B7B54921FFFD5300CE2354 /* inffast.h in Headers */ = {isa = PBXBuildFile; fileRef = 27B7B52321FFFD5200CE2354 /* inffast.h */; };
		27B7B54A21FFFD5300CE2354 /* inffast.h in Headers */ = {isa = PBXBuildFile; fileRef = 27B7B52321FFFD5200CE2354 /* inffast.h */; };
		27B7B54B21FFFD5300CE2354 /* crc32.c in Sources */ = {isa = PBXBuildFile; fileRef = 27B7B52421FFFD5200CE2354 /* crc32.c */; };
		27B7B54C21FFFD5300CE2354 /* crc32.c in Sources */ = {isa = PBXBuildFile; fileRef = 27B7B52421FFFD5200CE2354 /* crc32.c */; };
		27B7B54D21FFFD5300CE2354 /* infback.c in Sources */ = {isa = PBXBuildFile; fileRef = 27B7B52521FFFD5200CE2354 /* infback.c */; };
		27B7B54E21FFFD5300CE2354 /* infback.c in Sources */ = {isa = PBXBuildFile; fileRef = 27B7B52521FFFD5200CE2354 /* infback.c */; };
		27B7B55121FFFD5300CE2354 /* zutil.c in Sources */ = {isa = PBXBuildFile; fileRef = 27B7B52721FFFD5200CE2354 /* zutil.c */; };
		27B7B55221FFFD5300CE2354 /* zutil.c in Sources */ = {isa = PBXBuildFile; fileRef = 27B7B52721FFFD5200CE2354 /* zutil.c */; };
		27B7B55321FFFD5300CE2354 /* deflate.h in Headers */ = {isa = PBXBuildFile; fileRef = 27B7B52821FFFD5200CE2354 /* deflate.h */; };
		27B7B55421FFFD5300CE2354 /* deflate.h in Headers */ = {isa = PBXBuildFile; fileRef = 27B7B52821FFFD5200CE2354 /* deflate.h */; };
		27B7B55521FFFD5300CE2354 /* gzguts.h in Headers */ = {isa = PBXBuildFile; fileRef = 27B7B52921FFFD5200CE2354 /* gzguts.h */; };
		27B7B55621FFFD5300CE2354 /* gzguts.h in Headers */ = {isa = PBXBuildFile; fileRef = 27B7B52921FFFD5200CE2354 /* gzguts.h */; };
		27B7B55721FFFD5300CE2354 /* zlib.h in Headers */ = {isa = PBXBuildFile; fileRef = 27B7B52A21FFFD5200CE2354 /* zlib.h */; };
		27B7B55821FFFD5300CE2354 /* zlib.h in Headers */ = {isa = PBXBuildFile; fileRef = 27B7B52A21FFFD5200CE2354 /* zlib.h */; };
		27B7B55921FFFD5300CE2354 /* gzlib.c in Sources */ = {isa = PBXBuildFile; fileRef = 27B7B52B21FFFD5200CE2354 /* gzlib.c */; };
		27B7B55A21FFFD5300CE2354 /* gzlib.c in Sources */ = {isa = PBXBuildFile; fileRef = 27B7B52B21FFFD5200CE2354 /* gzlib.c */; };
		27B7B55B21FFFD5300CE2354 /* minigzip.c in Sources */ = {isa = PBXBuildFile; fileRef = 27B7B52C21FFFD5200CE2354 /* minigzip.c */; };
		27B7B55C21FFFD5300CE2354 /* minigzip.c in Sources */ = {isa = PBXBuildFile; fileRef = 27B7B52C21FFFD5200CE2354 /* minigzip.c */; };
		27B7B55D21FFFD5300CE2354 /* inflate.h in Headers */ = {isa = PBXBuildFile; fileRef = 27B7B52D21FFFD5200CE2354 /* inflate.h */; };
		27B7B55E21FFFD5300CE2354 /* inflate.h in Headers */ = {isa = PBXBuildFile; fileRef = 27B7B52D21FFFD5200CE2354 /* inflate.h */; };
		27B7B55F21FFFD5300CE2354 /* inftrees.c in Sources */ = {isa = PBXBuildFile; fileRef = 27B7B52E21FFFD5200CE2354 /* inftrees.c */; };
		27B7B56021FFFD5300CE2354 /* inftrees.c in Sources */ = {isa = PBXBuildFile; fileRef = 27B7B52E21FFFD5200CE2354 /* inftrees.c */; };
		27B7B56121FFFD5300CE2354 /* uncompr.c in Sources */ = {isa = PBXBuildFile; fileRef = 27B7B52F21FFFD5200CE2354 /* uncompr.c */; };
		27B7B56221FFFD5300CE2354 /* uncompr.c in Sources */ = {isa = PBXBuildFile; fileRef = 27B7B52F21FFFD5200CE2354 /* uncompr.c */; };
		27B7B56321FFFD5300CE2354 /* gzwrite.c in Sources */ = {isa = PBXBuildFile; fileRef = 27B7B53021FFFD5200CE2354 /* gzwrite.c */; };
		27B7B56421FFFD5300CE2354 /* gzwrite.c in Sources */ = {isa = PBXBuildFile; fileRef = 27B7B53021FFFD5200CE2354 /* gzwrite.c */; };
		27B7B56521FFFD5300CE2354 /* trees.c in Sources */ = {isa = PBXBuildFile; fileRef = 27B7B53121FFFD5200CE2354 /* trees.c */; };
		27B7B56621FFFD5300CE2354 /* trees.c in Sources */ = {isa = PBXBuildFile; fileRef = 27B7B53121FFFD5200CE2354 /* trees.c */; };
		27B7B56721FFFD5300CE2354 /* gzclose.c in Sources */ = {isa = PBXBuildFile; fileRef = 27B7B53221FFFD5200CE2354 /* gzclose.c */; };
		27B7B56821FFFD5300CE2354 /* gzclose.c in Sources */ = {isa = PBXBuildFile; fileRef = 27B7B53221FFFD5200CE2354 /* gzclose.c */; };
		27B7B56921FFFD5300CE2354 /* crc32.h in Headers */ = {isa = PBXBuildFile; fileRef = 27B7B53321FFFD5200CE2354 /* crc32.h */; };
		27B7B56A21FFFD5300CE2354 /* crc32.h in Headers */ = {isa = PBXBuildFile; fileRef = 27B7B53321FFFD5200CE2354 /* crc32.h */; };
		27B7B56B21FFFD5300CE2354 /* inffast.c in Sources */ = {isa = PBXBuildFile; fileRef = 27B7B53421FFFD5200CE2354 /* inffast.c */; };
		27B7B56C21FFFD5300CE2354 /* inffast.c in Sources */ = {isa = PBXBuildFile; fileRef = 27B7B53421FFFD5200CE2354 /* inffast.c */; };
		27B7B56D21FFFD5300CE2354 /* adler32.c in Sources */ = {isa = PBXBuildFile; fileRef = 27B7B53521FFFD5200CE2354 /* adler32.c */; };
		27B7B56E21FFFD5300CE2354 /* adler32.c in Sources */ = {isa = PBXBuildFile; fileRef = 27B7B53521FFFD5200CE2354 /* adler32.c */; };
		27B7B56F21FFFD5300CE2354 /* zconf.h in Headers */ = {isa = PBXBuildFile; fileRef = 27B7B53621FFFD5200CE2354 /* zconf.h */; };
		27B7B57021FFFD5300CE2354 /* zconf.h in Headers */ = {isa = PBXBuildFile; fileRef = 27B7B53621FFFD5200CE2354 /* zconf.h */; };
		27B7B57221FFFDD500CE2354 /* inflate.c in Sources */ = {isa = PBXBuildFile; fileRef = 27B7B57121FFFDD400CE2354 /* inflate.c */; };
		27B7B57321FFFDD500CE2354 /* inflate.c in Sources */ = {isa = PBXBuildFile; fileRef = 27B7B57121FFFDD400CE2354 /* inflate.c */; };
		27B7B57421FFFE7F00CE2354 /* mysql.h in Headers */ = {isa = PBXBuildFile; fileRef = 27B7B4A321FFFA0C00CE2354 /* mysql.h */; settings = {ATTRIBUTES = (Public, ); }; };
		27B7B57721FFFF3100CE2354 /* mysql.h in Headers */ = {isa = PBXBuildFile; fileRef = 27B7B4A321FFFA0C00CE2354 /* mysql.h */; settings = {ATTRIBUTES = (Public, ); }; };
		27B7B5A22200029100CE2354 /* mariadb_com.h in Headers */ = {isa = PBXBuildFile; fileRef = 27B7B4A521FFFA0C00CE2354 /* mariadb_com.h */; settings = {ATTRIBUTES = (Public, ); }; };
		27B7B5A32200029A00CE2354 /* mariadb_version.h in Headers */ = {isa = PBXBuildFile; fileRef = 27B7B4F121FFFA0C00CE2354 /* mariadb_version.h */; settings = {ATTRIBUTES = (Public, ); }; };
		27B7B5A4220002A000CE2354 /* ma_list.h in Headers */ = {isa = PBXBuildFile; fileRef = 27B7B49C21FFFA0C00CE2354 /* ma_list.h */; settings = {ATTRIBUTES = (Public, ); }; };
		27B7B5A5220002A600CE2354 /* mariadb_ctype.h in Headers */ = {isa = PBXBuildFile; fileRef = 27B7B49221FFFA0C00CE2354 /* mariadb_ctype.h */; settings = {ATTRIBUTES = (Public, ); }; };
		27B7B5A6220002FA00CE2354 /* mariadb_stmt.h in Headers */ = {isa = PBXBuildFile; fileRef = 27B7B49921FFFA0C00CE2354 /* mariadb_stmt.h */; settings = {ATTRIBUTES = (Public, ); }; };
		27B7B5A9220003A400CE2354 /* mariadb_ctype.h in Headers */ = {isa = PBXBuildFile; fileRef = 27B7B49221FFFA0C00CE2354 /* mariadb_ctype.h */; settings = {ATTRIBUTES = (Public, ); }; };
		27B7B5AA220003AA00CE2354 /* mariadb_stmt.h in Headers */ = {isa = PBXBuildFile; fileRef = 27B7B49921FFFA0C00CE2354 /* mariadb_stmt.h */; settings = {ATTRIBUTES = (Public, ); }; };
		27B7B5AB220003B100CE2354 /* mariadb_com.h in Headers */ = {isa = PBXBuildFile; fileRef = 27B7B4A521FFFA0C00CE2354 /* mariadb_com.h */; settings = {ATTRIBUTES = (Public, ); }; };
		27B7B5AC220003B900CE2354 /* mariadb_version.h in Headers */ = {isa = PBXBuildFile; fileRef = 27B7B4F121FFFA0C00CE2354 /* mariadb_version.h */; settings = {ATTRIBUTES = (Public, ); }; };
		27B7B5AD220003C900CE2354 /* ma_list.h in Headers */ = {isa = PBXBuildFile; fileRef = 27B7B49C21FFFA0C00CE2354 /* ma_list.h */; settings = {ATTRIBUTES = (Public, ); }; };
		27F0376421F9F6C20039DFA6 /* libssl.a in Frameworks */ = {isa = PBXBuildFile; fileRef = 27F0376221F9F6C20039DFA6 /* libssl.a */; };
		27F0376521F9F6C20039DFA6 /* libcrypto.a in Frameworks */ = {isa = PBXBuildFile; fileRef = 27F0376321F9F6C20039DFA6 /* libcrypto.a */; };
		720B049A2201D7FC0051FC88 /* sha256_pw.c in Sources */ = {isa = PBXBuildFile; fileRef = 27B7B50C21FFFA1C00CE2354 /* sha256_pw.c */; };
		720B049B2201D8030051FC88 /* sha256_pw.c in Sources */ = {isa = PBXBuildFile; fileRef = 27B7B50C21FFFA1C00CE2354 /* sha256_pw.c */; };
		7213B69D1F3E0D7000416FB8 /* MariaDBKit.h in Headers */ = {isa = PBXBuildFile; fileRef = 7213B69B1F3E0D7000416FB8 /* MariaDBKit.h */; settings = {ATTRIBUTES = (Public, ); }; };
		724972EC1F3E23600026F0FA /* MariaDBKit.h in Headers */ = {isa = PBXBuildFile; fileRef = 7213B69B1F3E0D7000416FB8 /* MariaDBKit.h */; settings = {ATTRIBUTES = (Public, ); }; };
		724973001F3E26E10026F0FA /* libcrypto.a in Frameworks */ = {isa = PBXBuildFile; fileRef = 724972FE1F3E26E10026F0FA /* libcrypto.a */; };
		724973011F3E26E10026F0FA /* libssl.a in Frameworks */ = {isa = PBXBuildFile; fileRef = 724972FF1F3E26E10026F0FA /* libssl.a */; };
		7249730D1F3E2A240026F0FA /* MariaDBKitTests_ios.m in Sources */ = {isa = PBXBuildFile; fileRef = 7249730C1F3E2A240026F0FA /* MariaDBKitTests_ios.m */; };
		7249730F1F3E2A240026F0FA /* MariaDBKit.framework in Frameworks */ = {isa = PBXBuildFile; fileRef = 724972F71F3E23600026F0FA /* MariaDBKit.framework */; };
		724973151F3E2C040026F0FA /* MariaDBKit.framework in Resources */ = {isa = PBXBuildFile; fileRef = 724972F71F3E23600026F0FA /* MariaDBKit.framework */; };
/* End PBXBuildFile section */

/* Begin PBXContainerItemProxy section */
		724973101F3E2A240026F0FA /* PBXContainerItemProxy */ = {
			isa = PBXContainerItemProxy;
			containerPortal = 7213B68F1F3E0D7000416FB8 /* Project object */;
			proxyType = 1;
			remoteGlobalIDString = 724972871F3E23600026F0FA;
			remoteInfo = "MariaDB-ios";
		};
/* End PBXContainerItemProxy section */

/* Begin PBXFileReference section */
		27B7B43221FFF9F500CE2354 /* mariadb_charset.c */ = {isa = PBXFileReference; fileEncoding = 4; lastKnownFileType = sourcecode.c.c; path = mariadb_charset.c; sourceTree = "<group>"; };
		27B7B43321FFF9F500CE2354 /* ma_context.c */ = {isa = PBXFileReference; fileEncoding = 4; lastKnownFileType = sourcecode.c.c; path = ma_context.c; sourceTree = "<group>"; };
		27B7B43421FFF9F500CE2354 /* ma_charset.c */ = {isa = PBXFileReference; fileEncoding = 4; lastKnownFileType = sourcecode.c.c; path = ma_charset.c; sourceTree = "<group>"; };
		27B7B43521FFF9F500CE2354 /* ma_list.c */ = {isa = PBXFileReference; fileEncoding = 4; lastKnownFileType = sourcecode.c.c; path = ma_list.c; sourceTree = "<group>"; };
		27B7B43621FFF9F500CE2354 /* ma_errmsg.c */ = {isa = PBXFileReference; fileEncoding = 4; lastKnownFileType = sourcecode.c.c; path = ma_errmsg.c; sourceTree = "<group>"; };
		27B7B43721FFF9F500CE2354 /* ma_compress.c */ = {isa = PBXFileReference; fileEncoding = 4; lastKnownFileType = sourcecode.c.c; path = ma_compress.c; sourceTree = "<group>"; };
		27B7B43821FFF9F500CE2354 /* ma_dtoa.c */ = {isa = PBXFileReference; fileEncoding = 4; lastKnownFileType = sourcecode.c.c; path = ma_dtoa.c; sourceTree = "<group>"; };
		27B7B43921FFF9F500CE2354 /* ma_ll2str.c */ = {isa = PBXFileReference; fileEncoding = 4; lastKnownFileType = sourcecode.c.c; path = ma_ll2str.c; sourceTree = "<group>"; };
		27B7B43A21FFF9F500CE2354 /* ma_string.c */ = {isa = PBXFileReference; fileEncoding = 4; lastKnownFileType = sourcecode.c.c; path = ma_string.c; sourceTree = "<group>"; };
		27B7B43B21FFF9F500CE2354 /* ma_password.c */ = {isa = PBXFileReference; fileEncoding = 4; lastKnownFileType = sourcecode.c.c; path = ma_password.c; sourceTree = "<group>"; };
		27B7B43C21FFF9F500CE2354 /* ma_init.c */ = {isa = PBXFileReference; fileEncoding = 4; lastKnownFileType = sourcecode.c.c; path = ma_init.c; sourceTree = "<group>"; };
		27B7B43D21FFF9F500CE2354 /* ma_loaddata.c */ = {isa = PBXFileReference; fileEncoding = 4; lastKnownFileType = sourcecode.c.c; path = ma_loaddata.c; sourceTree = "<group>"; };
		27B7B43E21FFF9F500CE2354 /* ma_sha1.c */ = {isa = PBXFileReference; fileEncoding = 4; lastKnownFileType = sourcecode.c.c; path = ma_sha1.c; sourceTree = "<group>"; };
		27B7B43F21FFF9F500CE2354 /* ma_client_plugin.c.in */ = {isa = PBXFileReference; fileEncoding = 4; lastKnownFileType = text; path = ma_client_plugin.c.in; sourceTree = "<group>"; };
		27B7B44021FFF9F500CE2354 /* ma_hash.c */ = {isa = PBXFileReference; fileEncoding = 4; lastKnownFileType = sourcecode.c.c; path = ma_hash.c; sourceTree = "<group>"; };
		27B7B44121FFF9F500CE2354 /* ma_alloc.c */ = {isa = PBXFileReference; fileEncoding = 4; lastKnownFileType = sourcecode.c.c; path = ma_alloc.c; sourceTree = "<group>"; };
		27B7B44221FFF9F500CE2354 /* ma_io.c */ = {isa = PBXFileReference; fileEncoding = 4; lastKnownFileType = sourcecode.c.c; path = ma_io.c; sourceTree = "<group>"; };
		27B7B44321FFF9F500CE2354 /* ma_time.c */ = {isa = PBXFileReference; fileEncoding = 4; lastKnownFileType = sourcecode.c.c; path = ma_time.c; sourceTree = "<group>"; };
		27B7B44421FFF9F500CE2354 /* ma_net.c */ = {isa = PBXFileReference; fileEncoding = 4; lastKnownFileType = sourcecode.c.c; path = ma_net.c; sourceTree = "<group>"; };
		27B7B44521FFF9F500CE2354 /* mariadb_lib.c */ = {isa = PBXFileReference; fileEncoding = 4; lastKnownFileType = sourcecode.c.c; path = mariadb_lib.c; sourceTree = "<group>"; };
		27B7B44621FFF9F500CE2354 /* ma_stmt_codec.c */ = {isa = PBXFileReference; fileEncoding = 4; lastKnownFileType = sourcecode.c.c; path = ma_stmt_codec.c; sourceTree = "<group>"; };
		27B7B44721FFF9F500CE2354 /* ma_tls.c */ = {isa = PBXFileReference; fileEncoding = 4; lastKnownFileType = sourcecode.c.c; path = ma_tls.c; sourceTree = "<group>"; };
		27B7B44821FFF9F500CE2354 /* ma_default.c */ = {isa = PBXFileReference; fileEncoding = 4; lastKnownFileType = sourcecode.c.c; path = ma_default.c; sourceTree = "<group>"; };
		27B7B44921FFF9F500CE2354 /* ma_array.c */ = {isa = PBXFileReference; fileEncoding = 4; lastKnownFileType = sourcecode.c.c; path = ma_array.c; sourceTree = "<group>"; };
		27B7B44A21FFF9F500CE2354 /* mariadb_dyncol.c */ = {isa = PBXFileReference; fileEncoding = 4; lastKnownFileType = sourcecode.c.c; path = mariadb_dyncol.c; sourceTree = "<group>"; };
		27B7B44B21FFF9F500CE2354 /* ma_client_plugin.c */ = {isa = PBXFileReference; fileEncoding = 4; lastKnownFileType = sourcecode.c.c; path = ma_client_plugin.c; sourceTree = "<group>"; };
		27B7B44C21FFF9F500CE2354 /* ma_pvio.c */ = {isa = PBXFileReference; fileEncoding = 4; lastKnownFileType = sourcecode.c.c; path = ma_pvio.c; sourceTree = "<group>"; };
		27B7B44D21FFF9F500CE2354 /* mariadb_stmt.c */ = {isa = PBXFileReference; fileEncoding = 4; lastKnownFileType = sourcecode.c.c; path = mariadb_stmt.c; sourceTree = "<group>"; };
		27B7B44E21FFF9F500CE2354 /* mariadb_async.c */ = {isa = PBXFileReference; fileEncoding = 4; lastKnownFileType = sourcecode.c.c; path = mariadb_async.c; sourceTree = "<group>"; };
		27B7B44F21FFF9F500CE2354 /* get_password.c */ = {isa = PBXFileReference; fileEncoding = 4; lastKnownFileType = sourcecode.c.c; path = get_password.c; sourceTree = "<group>"; };
		27B7B48D21FFFA0C00CE2354 /* ma_global.h */ = {isa = PBXFileReference; lastKnownFileType = sourcecode.c.h; path = ma_global.h; sourceTree = "<group>"; };
		27B7B48F21FFFA0C00CE2354 /* ma_io.h */ = {isa = PBXFileReference; lastKnownFileType = sourcecode.c.h; path = ma_io.h; sourceTree = "<group>"; };
		27B7B49021FFFA0C00CE2354 /* ma_tls.h */ = {isa = PBXFileReference; lastKnownFileType = sourcecode.c.h; path = ma_tls.h; sourceTree = "<group>"; };
		27B7B49121FFFA0C00CE2354 /* config.h */ = {isa = PBXFileReference; lastKnownFileType = sourcecode.c.h; path = config.h; sourceTree = "<group>"; };
		27B7B49221FFFA0C00CE2354 /* mariadb_ctype.h */ = {isa = PBXFileReference; lastKnownFileType = sourcecode.c.h; path = mariadb_ctype.h; sourceTree = "<group>"; };
		27B7B49321FFFA0C00CE2354 /* mariadb_dyncol.h */ = {isa = PBXFileReference; lastKnownFileType = sourcecode.c.h; path = mariadb_dyncol.h; sourceTree = "<group>"; };
		27B7B49421FFFA0C00CE2354 /* ma_pvio.h */ = {isa = PBXFileReference; lastKnownFileType = sourcecode.c.h; path = ma_pvio.h; sourceTree = "<group>"; };
		27B7B49521FFFA0C00CE2354 /* ma_server_error.h */ = {isa = PBXFileReference; lastKnownFileType = sourcecode.c.h; path = ma_server_error.h; sourceTree = "<group>"; };
		27B7B49621FFFA0C00CE2354 /* ma_pthread.h */ = {isa = PBXFileReference; lastKnownFileType = sourcecode.c.h; path = ma_pthread.h; sourceTree = "<group>"; };
		27B7B49721FFFA0C00CE2354 /* ma_crypt.h */ = {isa = PBXFileReference; lastKnownFileType = sourcecode.c.h; path = ma_crypt.h; sourceTree = "<group>"; };
		27B7B49821FFFA0C00CE2354 /* mariadb_async.h */ = {isa = PBXFileReference; lastKnownFileType = sourcecode.c.h; path = mariadb_async.h; sourceTree = "<group>"; };
		27B7B49921FFFA0C00CE2354 /* mariadb_stmt.h */ = {isa = PBXFileReference; lastKnownFileType = sourcecode.c.h; path = mariadb_stmt.h; sourceTree = "<group>"; };
		27B7B49A21FFFA0C00CE2354 /* ma_config.h */ = {isa = PBXFileReference; lastKnownFileType = sourcecode.c.h; path = ma_config.h; sourceTree = "<group>"; };
		27B7B49B21FFFA0C00CE2354 /* ma_context.h */ = {isa = PBXFileReference; lastKnownFileType = sourcecode.c.h; path = ma_context.h; sourceTree = "<group>"; };
		27B7B49C21FFFA0C00CE2354 /* ma_list.h */ = {isa = PBXFileReference; lastKnownFileType = sourcecode.c.h; path = ma_list.h; sourceTree = "<group>"; };
		27B7B49D21FFFA0C00CE2354 /* ma_sys.h */ = {isa = PBXFileReference; lastKnownFileType = sourcecode.c.h; path = ma_sys.h; sourceTree = "<group>"; };
		27B7B49F21FFFA0C00CE2354 /* plugin_auth_common.h */ = {isa = PBXFileReference; lastKnownFileType = sourcecode.c.h; path = plugin_auth_common.h; sourceTree = "<group>"; };
		27B7B4A021FFFA0C00CE2354 /* plugin_auth.h */ = {isa = PBXFileReference; lastKnownFileType = sourcecode.c.h; path = plugin_auth.h; sourceTree = "<group>"; };
		27B7B4A121FFFA0C00CE2354 /* client_plugin.h */ = {isa = PBXFileReference; lastKnownFileType = sourcecode.c.h; path = client_plugin.h; sourceTree = "<group>"; };
		27B7B4A221FFFA0C00CE2354 /* ma_string.h */ = {isa = PBXFileReference; lastKnownFileType = sourcecode.c.h; path = ma_string.h; sourceTree = "<group>"; };
		27B7B4A321FFFA0C00CE2354 /* mysql.h */ = {isa = PBXFileReference; lastKnownFileType = sourcecode.c.h; path = mysql.h; sourceTree = "<group>"; };
		27B7B4A421FFFA0C00CE2354 /* ma_sha1.h */ = {isa = PBXFileReference; lastKnownFileType = sourcecode.c.h; path = ma_sha1.h; sourceTree = "<group>"; };
		27B7B4A521FFFA0C00CE2354 /* mariadb_com.h */ = {isa = PBXFileReference; lastKnownFileType = sourcecode.c.h; path = mariadb_com.h; sourceTree = "<group>"; };
		27B7B4A621FFFA0C00CE2354 /* mysqld_error.h */ = {isa = PBXFileReference; lastKnownFileType = sourcecode.c.h; path = mysqld_error.h; sourceTree = "<group>"; };
		27B7B4A721FFFA0C00CE2354 /* ma_common.h */ = {isa = PBXFileReference; lastKnownFileType = sourcecode.c.h; path = ma_common.h; sourceTree = "<group>"; };
		27B7B4A921FFFA0C00CE2354 /* pem2.h */ = {isa = PBXFileReference; lastKnownFileType = sourcecode.c.h; path = pem2.h; sourceTree = "<group>"; };
		27B7B4AA21FFFA0C00CE2354 /* pem.h */ = {isa = PBXFileReference; lastKnownFileType = sourcecode.c.h; path = pem.h; sourceTree = "<group>"; };
		27B7B4AB21FFFA0C00CE2354 /* md2.h */ = {isa = PBXFileReference; lastKnownFileType = sourcecode.c.h; path = md2.h; sourceTree = "<group>"; };
		27B7B4AC21FFFA0C00CE2354 /* ssl3.h */ = {isa = PBXFileReference; lastKnownFileType = sourcecode.c.h; path = ssl3.h; sourceTree = "<group>"; };
		27B7B4AD21FFFA0C00CE2354 /* ossl_typ.h */ = {isa = PBXFileReference; lastKnownFileType = sourcecode.c.h; path = ossl_typ.h; sourceTree = "<group>"; };
		27B7B4AE21FFFA0C00CE2354 /* dtls1.h */ = {isa = PBXFileReference; lastKnownFileType = sourcecode.c.h; path = dtls1.h; sourceTree = "<group>"; };
		27B7B4AF21FFFA0C00CE2354 /* err.h */ = {isa = PBXFileReference; lastKnownFileType = sourcecode.c.h; path = err.h; sourceTree = "<group>"; };
		27B7B4B021FFFA0C00CE2354 /* bn.h */ = {isa = PBXFileReference; lastKnownFileType = sourcecode.c.h; path = bn.h; sourceTree = "<group>"; };
		27B7B4B121FFFA0C00CE2354 /* blowfish.h */ = {isa = PBXFileReference; lastKnownFileType = sourcecode.c.h; path = blowfish.h; sourceTree = "<group>"; };
		27B7B4B221FFFA0C00CE2354 /* engine.h */ = {isa = PBXFileReference; lastKnownFileType = sourcecode.c.h; path = engine.h; sourceTree = "<group>"; };
		27B7B4B321FFFA0C00CE2354 /* conf_api.h */ = {isa = PBXFileReference; lastKnownFileType = sourcecode.c.h; path = conf_api.h; sourceTree = "<group>"; };
		27B7B4B421FFFA0C00CE2354 /* x509.h */ = {isa = PBXFileReference; lastKnownFileType = sourcecode.c.h; path = x509.h; sourceTree = "<group>"; };
		27B7B4B521FFFA0C00CE2354 /* asn1_mac.h */ = {isa = PBXFileReference; lastKnownFileType = sourcecode.c.h; path = asn1_mac.h; sourceTree = "<group>"; };
		27B7B4B621FFFA0C00CE2354 /* ui.h */ = {isa = PBXFileReference; lastKnownFileType = sourcecode.c.h; path = ui.h; sourceTree = "<group>"; };
		27B7B4B721FFFA0C00CE2354 /* kssl.h */ = {isa = PBXFileReference; lastKnownFileType = sourcecode.c.h; path = kssl.h; sourceTree = "<group>"; };
		27B7B4B821FFFA0C00CE2354 /* sha.h */ = {isa = PBXFileReference; lastKnownFileType = sourcecode.c.h; path = sha.h; sourceTree = "<group>"; };
		27B7B4B921FFFA0C00CE2354 /* symhacks.h */ = {isa = PBXFileReference; lastKnownFileType = sourcecode.c.h; path = symhacks.h; sourceTree = "<group>"; };
		27B7B4BA21FFFA0C00CE2354 /* asn1.h */ = {isa = PBXFileReference; lastKnownFileType = sourcecode.c.h; path = asn1.h; sourceTree = "<group>"; };
		27B7B4BB21FFFA0C00CE2354 /* opensslconf.h */ = {isa = PBXFileReference; lastKnownFileType = sourcecode.c.h; path = opensslconf.h; sourceTree = "<group>"; };
		27B7B4BC21FFFA0C00CE2354 /* bio.h */ = {isa = PBXFileReference; lastKnownFileType = sourcecode.c.h; path = bio.h; sourceTree = "<group>"; };
		27B7B4BD21FFFA0C00CE2354 /* rc2.h */ = {isa = PBXFileReference; lastKnownFileType = sourcecode.c.h; path = rc2.h; sourceTree = "<group>"; };
		27B7B4BE21FFFA0C00CE2354 /* dh.h */ = {isa = PBXFileReference; lastKnownFileType = sourcecode.c.h; path = dh.h; sourceTree = "<group>"; };
		27B7B4BF21FFFA0C00CE2354 /* ui_compat.h */ = {isa = PBXFileReference; lastKnownFileType = sourcecode.c.h; path = ui_compat.h; sourceTree = "<group>"; };
		27B7B4C021FFFA0C00CE2354 /* x509v3.h */ = {isa = PBXFileReference; lastKnownFileType = sourcecode.c.h; path = x509v3.h; sourceTree = "<group>"; };
		27B7B4C121FFFA0C00CE2354 /* ssl23.h */ = {isa = PBXFileReference; lastKnownFileType = sourcecode.c.h; path = ssl23.h; sourceTree = "<group>"; };
		27B7B4C221FFFA0C00CE2354 /* conf.h */ = {isa = PBXFileReference; lastKnownFileType = sourcecode.c.h; path = conf.h; sourceTree = "<group>"; };
		27B7B4C321FFFA0C00CE2354 /* md5.h */ = {isa = PBXFileReference; lastKnownFileType = sourcecode.c.h; path = md5.h; sourceTree = "<group>"; };
		27B7B4C421FFFA0C00CE2354 /* x509_vfy.h */ = {isa = PBXFileReference; lastKnownFileType = sourcecode.c.h; path = x509_vfy.h; sourceTree = "<group>"; };
		27B7B4C521FFFA0C00CE2354 /* txt_db.h */ = {isa = PBXFileReference; lastKnownFileType = sourcecode.c.h; path = txt_db.h; sourceTree = "<group>"; };
		27B7B4C621FFFA0C00CE2354 /* safestack.h */ = {isa = PBXFileReference; lastKnownFileType = sourcecode.c.h; path = safestack.h; sourceTree = "<group>"; };
		27B7B4C721FFFA0C00CE2354 /* ecdsa.h */ = {isa = PBXFileReference; lastKnownFileType = sourcecode.c.h; path = ecdsa.h; sourceTree = "<group>"; };
		27B7B4C821FFFA0C00CE2354 /* rc5.h */ = {isa = PBXFileReference; lastKnownFileType = sourcecode.c.h; path = rc5.h; sourceTree = "<group>"; };
		27B7B4C921FFFA0C00CE2354 /* objects.h */ = {isa = PBXFileReference; lastKnownFileType = sourcecode.c.h; path = objects.h; sourceTree = "<group>"; };
		27B7B4CA21FFFA0C00CE2354 /* pkcs12.h */ = {isa = PBXFileReference; lastKnownFileType = sourcecode.c.h; path = pkcs12.h; sourceTree = "<group>"; };
		27B7B4CB21FFFA0C00CE2354 /* crypto.h */ = {isa = PBXFileReference; lastKnownFileType = sourcecode.c.h; path = crypto.h; sourceTree = "<group>"; };
		27B7B4CC21FFFA0C00CE2354 /* opensslv.h */ = {isa = PBXFileReference; lastKnownFileType = sourcecode.c.h; path = opensslv.h; sourceTree = "<group>"; };
		27B7B4CD21FFFA0C00CE2354 /* pkcs7.h */ = {isa = PBXFileReference; lastKnownFileType = sourcecode.c.h; path = pkcs7.h; sourceTree = "<group>"; };
		27B7B4CE21FFFA0C00CE2354 /* obj_mac.h */ = {isa = PBXFileReference; lastKnownFileType = sourcecode.c.h; path = obj_mac.h; sourceTree = "<group>"; };
		27B7B4CF21FFFA0C00CE2354 /* tmdiff.h */ = {isa = PBXFileReference; lastKnownFileType = sourcecode.c.h; path = tmdiff.h; sourceTree = "<group>"; };
		27B7B4D021FFFA0C00CE2354 /* buffer.h */ = {isa = PBXFileReference; lastKnownFileType = sourcecode.c.h; path = buffer.h; sourceTree = "<group>"; };
		27B7B4D121FFFA0C00CE2354 /* ssl.h */ = {isa = PBXFileReference; lastKnownFileType = sourcecode.c.h; path = ssl.h; sourceTree = "<group>"; };
		27B7B4D221FFFA0C00CE2354 /* evp.h */ = {isa = PBXFileReference; lastKnownFileType = sourcecode.c.h; path = evp.h; sourceTree = "<group>"; };
		27B7B4D321FFFA0C00CE2354 /* e_os2.h */ = {isa = PBXFileReference; lastKnownFileType = sourcecode.c.h; path = e_os2.h; sourceTree = "<group>"; };
		27B7B4D421FFFA0C00CE2354 /* md4.h */ = {isa = PBXFileReference; lastKnownFileType = sourcecode.c.h; path = md4.h; sourceTree = "<group>"; };
		27B7B4D521FFFA0C00CE2354 /* hmac.h */ = {isa = PBXFileReference; lastKnownFileType = sourcecode.c.h; path = hmac.h; sourceTree = "<group>"; };
		27B7B4D621FFFA0C00CE2354 /* aes.h */ = {isa = PBXFileReference; lastKnownFileType = sourcecode.c.h; path = aes.h; sourceTree = "<group>"; };
		27B7B4D721FFFA0C00CE2354 /* comp.h */ = {isa = PBXFileReference; lastKnownFileType = sourcecode.c.h; path = comp.h; sourceTree = "<group>"; };
		27B7B4D821FFFA0C00CE2354 /* cast.h */ = {isa = PBXFileReference; lastKnownFileType = sourcecode.c.h; path = cast.h; sourceTree = "<group>"; };
		27B7B4D921FFFA0C00CE2354 /* rc4.h */ = {isa = PBXFileReference; lastKnownFileType = sourcecode.c.h; path = rc4.h; sourceTree = "<group>"; };
		27B7B4DA21FFFA0C00CE2354 /* stack.h */ = {isa = PBXFileReference; lastKnownFileType = sourcecode.c.h; path = stack.h; sourceTree = "<group>"; };
		27B7B4DB21FFFA0C00CE2354 /* des.h */ = {isa = PBXFileReference; lastKnownFileType = sourcecode.c.h; path = des.h; sourceTree = "<group>"; };
		27B7B4DC21FFFA0C00CE2354 /* ocsp.h */ = {isa = PBXFileReference; lastKnownFileType = sourcecode.c.h; path = ocsp.h; sourceTree = "<group>"; };
		27B7B4DD21FFFA0C00CE2354 /* ec.h */ = {isa = PBXFileReference; lastKnownFileType = sourcecode.c.h; path = ec.h; sourceTree = "<group>"; };
		27B7B4DE21FFFA0C00CE2354 /* ecdh.h */ = {isa = PBXFileReference; lastKnownFileType = sourcecode.c.h; path = ecdh.h; sourceTree = "<group>"; };
		27B7B4DF21FFFA0C00CE2354 /* rand.h */ = {isa = PBXFileReference; lastKnownFileType = sourcecode.c.h; path = rand.h; sourceTree = "<group>"; };
		27B7B4E021FFFA0C00CE2354 /* pqueue.h */ = {isa = PBXFileReference; lastKnownFileType = sourcecode.c.h; path = pqueue.h; sourceTree = "<group>"; };
		27B7B4E121FFFA0C00CE2354 /* dso.h */ = {isa = PBXFileReference; lastKnownFileType = sourcecode.c.h; path = dso.h; sourceTree = "<group>"; };
		27B7B4E221FFFA0C00CE2354 /* seed.h */ = {isa = PBXFileReference; lastKnownFileType = sourcecode.c.h; path = seed.h; sourceTree = "<group>"; };
		27B7B4E321FFFA0C00CE2354 /* ssl2.h */ = {isa = PBXFileReference; lastKnownFileType = sourcecode.c.h; path = ssl2.h; sourceTree = "<group>"; };
		27B7B4E421FFFA0C00CE2354 /* rsa.h */ = {isa = PBXFileReference; lastKnownFileType = sourcecode.c.h; path = rsa.h; sourceTree = "<group>"; };
		27B7B4E521FFFA0C00CE2354 /* krb5_asn.h */ = {isa = PBXFileReference; lastKnownFileType = sourcecode.c.h; path = krb5_asn.h; sourceTree = "<group>"; };
		27B7B4E621FFFA0C00CE2354 /* des_old.h */ = {isa = PBXFileReference; lastKnownFileType = sourcecode.c.h; path = des_old.h; sourceTree = "<group>"; };
		27B7B4E721FFFA0C00CE2354 /* ripemd.h */ = {isa = PBXFileReference; lastKnownFileType = sourcecode.c.h; path = ripemd.h; sourceTree = "<group>"; };
		27B7B4E821FFFA0C00CE2354 /* tls1.h */ = {isa = PBXFileReference; lastKnownFileType = sourcecode.c.h; path = tls1.h; sourceTree = "<group>"; };
		27B7B4E921FFFA0C00CE2354 /* mdc2.h */ = {isa = PBXFileReference; lastKnownFileType = sourcecode.c.h; path = mdc2.h; sourceTree = "<group>"; };
		27B7B4EA21FFFA0C00CE2354 /* dsa.h */ = {isa = PBXFileReference; lastKnownFileType = sourcecode.c.h; path = dsa.h; sourceTree = "<group>"; };
		27B7B4EB21FFFA0C00CE2354 /* asn1t.h */ = {isa = PBXFileReference; lastKnownFileType = sourcecode.c.h; path = asn1t.h; sourceTree = "<group>"; };
		27B7B4EC21FFFA0C00CE2354 /* ebcdic.h */ = {isa = PBXFileReference; lastKnownFileType = sourcecode.c.h; path = ebcdic.h; sourceTree = "<group>"; };
		27B7B4ED21FFFA0C00CE2354 /* store.h */ = {isa = PBXFileReference; lastKnownFileType = sourcecode.c.h; path = store.h; sourceTree = "<group>"; };
		27B7B4EE21FFFA0C00CE2354 /* lhash.h */ = {isa = PBXFileReference; lastKnownFileType = sourcecode.c.h; path = lhash.h; sourceTree = "<group>"; };
		27B7B4EF21FFFA0C00CE2354 /* pq_compat.h */ = {isa = PBXFileReference; lastKnownFileType = sourcecode.c.h; path = pq_compat.h; sourceTree = "<group>"; };
		27B7B4F021FFFA0C00CE2354 /* ma_hash.h */ = {isa = PBXFileReference; lastKnownFileType = sourcecode.c.h; path = ma_hash.h; sourceTree = "<group>"; };
		27B7B4F121FFFA0C00CE2354 /* mariadb_version.h */ = {isa = PBXFileReference; lastKnownFileType = sourcecode.c.h; path = mariadb_version.h; sourceTree = "<group>"; };
		27B7B4F221FFFA0C00CE2354 /* errmsg.h */ = {isa = PBXFileReference; lastKnownFileType = sourcecode.c.h; path = errmsg.h; sourceTree = "<group>"; };
		27B7B4F521FFFA1C00CE2354 /* pvio_socket.c */ = {isa = PBXFileReference; lastKnownFileType = sourcecode.c.c; path = pvio_socket.c; sourceTree = "<group>"; };
		27B7B4F621FFFA1C00CE2354 /* pvio_npipe.c */ = {isa = PBXFileReference; lastKnownFileType = sourcecode.c.c; path = pvio_npipe.c; sourceTree = "<group>"; };
		27B7B4F721FFFA1C00CE2354 /* pvio_shmem.c */ = {isa = PBXFileReference; lastKnownFileType = sourcecode.c.c; path = pvio_shmem.c; sourceTree = "<group>"; };
		27B7B4F921FFFA1C00CE2354 /* trace_example.c */ = {isa = PBXFileReference; lastKnownFileType = sourcecode.c.c; path = trace_example.c; sourceTree = "<group>"; };
		27B7B4FB21FFFA1C00CE2354 /* replication.c */ = {isa = PBXFileReference; lastKnownFileType = sourcecode.c.c; path = replication.c; sourceTree = "<group>"; };
		27B7B4FC21FFFA1C00CE2354 /* aurora.c */ = {isa = PBXFileReference; lastKnownFileType = sourcecode.c.c; path = aurora.c; sourceTree = "<group>"; };
		27B7B4FE21FFFA1C00CE2354 /* gssapi_client.c */ = {isa = PBXFileReference; lastKnownFileType = sourcecode.c.c; path = gssapi_client.c; sourceTree = "<group>"; };
		27B7B4FF21FFFA1C00CE2354 /* auth_gssapi_client.c */ = {isa = PBXFileReference; lastKnownFileType = sourcecode.c.c; path = auth_gssapi_client.c; sourceTree = "<group>"; };
		27B7B50021FFFA1C00CE2354 /* caching_sha2_pw.c */ = {isa = PBXFileReference; lastKnownFileType = sourcecode.c.c; path = caching_sha2_pw.c; sourceTree = "<group>"; };
		27B7B50121FFFA1C00CE2354 /* my_auth.c */ = {isa = PBXFileReference; lastKnownFileType = sourcecode.c.c; path = my_auth.c; sourceTree = "<group>"; };
		27B7B50221FFFA1C00CE2354 /* server_plugin.h */ = {isa = PBXFileReference; lastKnownFileType = sourcecode.c.h; path = server_plugin.h; sourceTree = "<group>"; };
		27B7B50321FFFA1C00CE2354 /* mariadb_cleartext.c */ = {isa = PBXFileReference; lastKnownFileType = sourcecode.c.c; path = mariadb_cleartext.c; sourceTree = "<group>"; };
		27B7B50421FFFA1C00CE2354 /* gssapi_errmsg.h */ = {isa = PBXFileReference; lastKnownFileType = sourcecode.c.h; path = gssapi_errmsg.h; sourceTree = "<group>"; };
		27B7B50521FFFA1C00CE2354 /* sspi_errmsg.c */ = {isa = PBXFileReference; lastKnownFileType = sourcecode.c.c; path = sspi_errmsg.c; sourceTree = "<group>"; };
		27B7B50621FFFA1C00CE2354 /* sspi_common.h */ = {isa = PBXFileReference; lastKnownFileType = sourcecode.c.h; path = sspi_common.h; sourceTree = "<group>"; };
		27B7B50721FFFA1C00CE2354 /* old_password.c */ = {isa = PBXFileReference; lastKnownFileType = sourcecode.c.c; path = old_password.c; sourceTree = "<group>"; };
		27B7B50821FFFA1C00CE2354 /* common.h */ = {isa = PBXFileReference; lastKnownFileType = sourcecode.c.h; path = common.h; sourceTree = "<group>"; };
		27B7B50921FFFA1C00CE2354 /* sspi_client.c */ = {isa = PBXFileReference; lastKnownFileType = sourcecode.c.c; path = sspi_client.c; sourceTree = "<group>"; };
		27B7B50A21FFFA1C00CE2354 /* dialog.c */ = {isa = PBXFileReference; lastKnownFileType = sourcecode.c.c; path = dialog.c; sourceTree = "<group>"; };
		27B7B50B21FFFA1C00CE2354 /* gssapi_errmsg.c */ = {isa = PBXFileReference; lastKnownFileType = sourcecode.c.c; path = gssapi_errmsg.c; sourceTree = "<group>"; };
		27B7B50C21FFFA1C00CE2354 /* sha256_pw.c */ = {isa = PBXFileReference; lastKnownFileType = sourcecode.c.c; path = sha256_pw.c; sourceTree = "<group>"; };
		27B7B50E21FFFA1C00CE2354 /* remote_io.c */ = {isa = PBXFileReference; lastKnownFileType = sourcecode.c.c; path = remote_io.c; sourceTree = "<group>"; };
		27B7B50F21FFFAB900CE2354 /* libiconv.tbd */ = {isa = PBXFileReference; lastKnownFileType = "sourcecode.text-based-dylib-definition"; name = libiconv.tbd; path = usr/lib/libiconv.tbd; sourceTree = SDKROOT; };
		27B7B51121FFFAC300CE2354 /* libiconv.tbd */ = {isa = PBXFileReference; lastKnownFileType = "sourcecode.text-based-dylib-definition"; name = libiconv.tbd; path = Platforms/iPhoneOS.platform/Developer/SDKs/iPhoneOS12.1.sdk/usr/lib/libiconv.tbd; sourceTree = DEVELOPER_DIR; };
		27B7B51A21FFFD5200CE2354 /* zutil.h */ = {isa = PBXFileReference; fileEncoding = 4; lastKnownFileType = sourcecode.c.h; path = zutil.h; sourceTree = "<group>"; };
		27B7B51B21FFFD5200CE2354 /* inftrees.h */ = {isa = PBXFileReference; fileEncoding = 4; lastKnownFileType = sourcecode.c.h; path = inftrees.h; sourceTree = "<group>"; };
		27B7B51D21FFFD5200CE2354 /* compress.c */ = {isa = PBXFileReference; fileEncoding = 4; lastKnownFileType = sourcecode.c.c; path = compress.c; sourceTree = "<group>"; };
		27B7B51F21FFFD5200CE2354 /* deflate.c */ = {isa = PBXFileReference; fileEncoding = 4; lastKnownFileType = sourcecode.c.c; path = deflate.c; sourceTree = "<group>"; };
		27B7B52021FFFD5200CE2354 /* inffixed.h */ = {isa = PBXFileReference; fileEncoding = 4; lastKnownFileType = sourcecode.c.h; path = inffixed.h; sourceTree = "<group>"; };
		27B7B52121FFFD5200CE2354 /* gzread.c */ = {isa = PBXFileReference; fileEncoding = 4; lastKnownFileType = sourcecode.c.c; path = gzread.c; sourceTree = "<group>"; };
		27B7B52221FFFD5200CE2354 /* trees.h */ = {isa = PBXFileReference; fileEncoding = 4; lastKnownFileType = sourcecode.c.h; path = trees.h; sourceTree = "<group>"; };
		27B7B52321FFFD5200CE2354 /* inffast.h */ = {isa = PBXFileReference; fileEncoding = 4; lastKnownFileType = sourcecode.c.h; path = inffast.h; sourceTree = "<group>"; };
		27B7B52421FFFD5200CE2354 /* crc32.c */ = {isa = PBXFileReference; fileEncoding = 4; lastKnownFileType = sourcecode.c.c; path = crc32.c; sourceTree = "<group>"; };
		27B7B52521FFFD5200CE2354 /* infback.c */ = {isa = PBXFileReference; fileEncoding = 4; lastKnownFileType = sourcecode.c.c; path = infback.c; sourceTree = "<group>"; };
		27B7B52721FFFD5200CE2354 /* zutil.c */ = {isa = PBXFileReference; fileEncoding = 4; lastKnownFileType = sourcecode.c.c; path = zutil.c; sourceTree = "<group>"; };
		27B7B52821FFFD5200CE2354 /* deflate.h */ = {isa = PBXFileReference; fileEncoding = 4; lastKnownFileType = sourcecode.c.h; path = deflate.h; sourceTree = "<group>"; };
		27B7B52921FFFD5200CE2354 /* gzguts.h */ = {isa = PBXFileReference; fileEncoding = 4; lastKnownFileType = sourcecode.c.h; path = gzguts.h; sourceTree = "<group>"; };
		27B7B52A21FFFD5200CE2354 /* zlib.h */ = {isa = PBXFileReference; fileEncoding = 4; lastKnownFileType = sourcecode.c.h; path = zlib.h; sourceTree = "<group>"; };
		27B7B52B21FFFD5200CE2354 /* gzlib.c */ = {isa = PBXFileReference; fileEncoding = 4; lastKnownFileType = sourcecode.c.c; path = gzlib.c; sourceTree = "<group>"; };
		27B7B52C21FFFD5200CE2354 /* minigzip.c */ = {isa = PBXFileReference; fileEncoding = 4; lastKnownFileType = sourcecode.c.c; path = minigzip.c; sourceTree = "<group>"; };
		27B7B52D21FFFD5200CE2354 /* inflate.h */ = {isa = PBXFileReference; fileEncoding = 4; lastKnownFileType = sourcecode.c.h; path = inflate.h; sourceTree = "<group>"; };
		27B7B52E21FFFD5200CE2354 /* inftrees.c */ = {isa = PBXFileReference; fileEncoding = 4; lastKnownFileType = sourcecode.c.c; path = inftrees.c; sourceTree = "<group>"; };
		27B7B52F21FFFD5200CE2354 /* uncompr.c */ = {isa = PBXFileReference; fileEncoding = 4; lastKnownFileType = sourcecode.c.c; path = uncompr.c; sourceTree = "<group>"; };
		27B7B53021FFFD5200CE2354 /* gzwrite.c */ = {isa = PBXFileReference; fileEncoding = 4; lastKnownFileType = sourcecode.c.c; path = gzwrite.c; sourceTree = "<group>"; };
		27B7B53121FFFD5200CE2354 /* trees.c */ = {isa = PBXFileReference; fileEncoding = 4; lastKnownFileType = sourcecode.c.c; path = trees.c; sourceTree = "<group>"; };
		27B7B53221FFFD5200CE2354 /* gzclose.c */ = {isa = PBXFileReference; fileEncoding = 4; lastKnownFileType = sourcecode.c.c; path = gzclose.c; sourceTree = "<group>"; };
		27B7B53321FFFD5200CE2354 /* crc32.h */ = {isa = PBXFileReference; fileEncoding = 4; lastKnownFileType = sourcecode.c.h; path = crc32.h; sourceTree = "<group>"; };
		27B7B53421FFFD5200CE2354 /* inffast.c */ = {isa = PBXFileReference; fileEncoding = 4; lastKnownFileType = sourcecode.c.c; path = inffast.c; sourceTree = "<group>"; };
		27B7B53521FFFD5200CE2354 /* adler32.c */ = {isa = PBXFileReference; fileEncoding = 4; lastKnownFileType = sourcecode.c.c; path = adler32.c; sourceTree = "<group>"; };
		27B7B53621FFFD5200CE2354 /* zconf.h */ = {isa = PBXFileReference; fileEncoding = 4; lastKnownFileType = sourcecode.c.h; path = zconf.h; sourceTree = "<group>"; };
		27B7B57121FFFDD400CE2354 /* inflate.c */ = {isa = PBXFileReference; fileEncoding = 4; lastKnownFileType = sourcecode.c.c; path = inflate.c; sourceTree = "<group>"; };
		27F0376221F9F6C20039DFA6 /* libssl.a */ = {isa = PBXFileReference; lastKnownFileType = archive.ar; name = libssl.a; path = libs/iOS/libssl.a; sourceTree = "<group>"; };
		27F0376321F9F6C20039DFA6 /* libcrypto.a */ = {isa = PBXFileReference; lastKnownFileType = archive.ar; name = libcrypto.a; path = libs/iOS/libcrypto.a; sourceTree = "<group>"; };
		7213B6981F3E0D7000416FB8 /* MariaDBKit.framework */ = {isa = PBXFileReference; explicitFileType = wrapper.framework; includeInIndex = 0; path = MariaDBKit.framework; sourceTree = BUILT_PRODUCTS_DIR; };
		7213B69B1F3E0D7000416FB8 /* MariaDBKit.h */ = {isa = PBXFileReference; lastKnownFileType = sourcecode.c.h; path = MariaDBKit.h; sourceTree = "<group>"; };
		7213B69C1F3E0D7000416FB8 /* Info.plist */ = {isa = PBXFileReference; lastKnownFileType = text.plist.xml; path = Info.plist; sourceTree = "<group>"; };
		724972F71F3E23600026F0FA /* MariaDBKit.framework */ = {isa = PBXFileReference; explicitFileType = wrapper.framework; includeInIndex = 0; path = MariaDBKit.framework; sourceTree = BUILT_PRODUCTS_DIR; };
		724972FE1F3E26E10026F0FA /* libcrypto.a */ = {isa = PBXFileReference; lastKnownFileType = archive.ar; name = libcrypto.a; path = ../libs/macOS/libcrypto.a; sourceTree = "<group>"; };
		724972FF1F3E26E10026F0FA /* libssl.a */ = {isa = PBXFileReference; lastKnownFileType = archive.ar; name = libssl.a; path = ../libs/macOS/libssl.a; sourceTree = "<group>"; };
		724973021F3E27FB0026F0FA /* libcrypto.a */ = {isa = PBXFileReference; lastKnownFileType = archive.ar; name = libcrypto.a; path = ../FreeTDS/libs/iOS/libcrypto.a; sourceTree = "<group>"; };
		724973031F3E27FB0026F0FA /* libssl.a */ = {isa = PBXFileReference; lastKnownFileType = archive.ar; name = libssl.a; path = ../FreeTDS/libs/iOS/libssl.a; sourceTree = "<group>"; };
		7249730A1F3E2A240026F0FA /* MariaDBKitTests-ios.xctest */ = {isa = PBXFileReference; explicitFileType = wrapper.cfbundle; includeInIndex = 0; path = "MariaDBKitTests-ios.xctest"; sourceTree = BUILT_PRODUCTS_DIR; };
		7249730C1F3E2A240026F0FA /* MariaDBKitTests_ios.m */ = {isa = PBXFileReference; lastKnownFileType = sourcecode.c.objc; path = MariaDBKitTests_ios.m; sourceTree = "<group>"; };
		7249730E1F3E2A240026F0FA /* Info.plist */ = {isa = PBXFileReference; lastKnownFileType = text.plist.xml; path = Info.plist; sourceTree = "<group>"; };
/* End PBXFileReference section */

/* Begin PBXFrameworksBuildPhase section */
		7213B6941F3E0D7000416FB8 /* Frameworks */ = {
			isa = PBXFrameworksBuildPhase;
			buildActionMask = 2147483647;
			files = (
				27B7B51021FFFAB900CE2354 /* libiconv.tbd in Frameworks */,
				724973001F3E26E10026F0FA /* libcrypto.a in Frameworks */,
				724973011F3E26E10026F0FA /* libssl.a in Frameworks */,
			);
			runOnlyForDeploymentPostprocessing = 0;
		};
		724972EA1F3E23600026F0FA /* Frameworks */ = {
			isa = PBXFrameworksBuildPhase;
			buildActionMask = 2147483647;
			files = (
				27B7B51221FFFAC300CE2354 /* libiconv.tbd in Frameworks */,
				27F0376421F9F6C20039DFA6 /* libssl.a in Frameworks */,
				27F0376521F9F6C20039DFA6 /* libcrypto.a in Frameworks */,
			);
			runOnlyForDeploymentPostprocessing = 0;
		};
		724973071F3E2A240026F0FA /* Frameworks */ = {
			isa = PBXFrameworksBuildPhase;
			buildActionMask = 2147483647;
			files = (
				7249730F1F3E2A240026F0FA /* MariaDBKit.framework in Frameworks */,
			);
			runOnlyForDeploymentPostprocessing = 0;
		};
/* End PBXFrameworksBuildPhase section */

/* Begin PBXGroup section */
		27B7B43121FFF9F500CE2354 /* libmariadb */ = {
			isa = PBXGroup;
			children = (
				27B7B43221FFF9F500CE2354 /* mariadb_charset.c */,
				27B7B43321FFF9F500CE2354 /* ma_context.c */,
				27B7B43421FFF9F500CE2354 /* ma_charset.c */,
				27B7B43521FFF9F500CE2354 /* ma_list.c */,
				27B7B43621FFF9F500CE2354 /* ma_errmsg.c */,
				27B7B43721FFF9F500CE2354 /* ma_compress.c */,
				27B7B43821FFF9F500CE2354 /* ma_dtoa.c */,
				27B7B43921FFF9F500CE2354 /* ma_ll2str.c */,
				27B7B43A21FFF9F500CE2354 /* ma_string.c */,
				27B7B43B21FFF9F500CE2354 /* ma_password.c */,
				27B7B43C21FFF9F500CE2354 /* ma_init.c */,
				27B7B43D21FFF9F500CE2354 /* ma_loaddata.c */,
				27B7B43E21FFF9F500CE2354 /* ma_sha1.c */,
				27B7B43F21FFF9F500CE2354 /* ma_client_plugin.c.in */,
				27B7B44021FFF9F500CE2354 /* ma_hash.c */,
				27B7B44121FFF9F500CE2354 /* ma_alloc.c */,
				27B7B44221FFF9F500CE2354 /* ma_io.c */,
				27B7B44321FFF9F500CE2354 /* ma_time.c */,
				27B7B44421FFF9F500CE2354 /* ma_net.c */,
				27B7B44521FFF9F500CE2354 /* mariadb_lib.c */,
				27B7B44621FFF9F500CE2354 /* ma_stmt_codec.c */,
				27B7B44721FFF9F500CE2354 /* ma_tls.c */,
				27B7B44821FFF9F500CE2354 /* ma_default.c */,
				27B7B44921FFF9F500CE2354 /* ma_array.c */,
				27B7B44A21FFF9F500CE2354 /* mariadb_dyncol.c */,
				27B7B44B21FFF9F500CE2354 /* ma_client_plugin.c */,
				27B7B44C21FFF9F500CE2354 /* ma_pvio.c */,
				27B7B44D21FFF9F500CE2354 /* mariadb_stmt.c */,
				27B7B44E21FFF9F500CE2354 /* mariadb_async.c */,
				27B7B44F21FFF9F500CE2354 /* get_password.c */,
			);
			path = libmariadb;
			sourceTree = "<group>";
		};
		27B7B48C21FFFA0C00CE2354 /* include */ = {
			isa = PBXGroup;
			children = (
				27B7B48D21FFFA0C00CE2354 /* ma_global.h */,
				27B7B48E21FFFA0C00CE2354 /* mariadb */,
				27B7B49021FFFA0C00CE2354 /* ma_tls.h */,
				27B7B49121FFFA0C00CE2354 /* config.h */,
				27B7B49221FFFA0C00CE2354 /* mariadb_ctype.h */,
				27B7B49321FFFA0C00CE2354 /* mariadb_dyncol.h */,
				27B7B49421FFFA0C00CE2354 /* ma_pvio.h */,
				27B7B49521FFFA0C00CE2354 /* ma_server_error.h */,
				27B7B49621FFFA0C00CE2354 /* ma_pthread.h */,
				27B7B49721FFFA0C00CE2354 /* ma_crypt.h */,
				27B7B49821FFFA0C00CE2354 /* mariadb_async.h */,
				27B7B49921FFFA0C00CE2354 /* mariadb_stmt.h */,
				27B7B49A21FFFA0C00CE2354 /* ma_config.h */,
				27B7B49B21FFFA0C00CE2354 /* ma_context.h */,
				27B7B49C21FFFA0C00CE2354 /* ma_list.h */,
				27B7B49D21FFFA0C00CE2354 /* ma_sys.h */,
				27B7B49E21FFFA0C00CE2354 /* mysql */,
				27B7B4A221FFFA0C00CE2354 /* ma_string.h */,
				27B7B4A321FFFA0C00CE2354 /* mysql.h */,
				27B7B4A421FFFA0C00CE2354 /* ma_sha1.h */,
				27B7B4A521FFFA0C00CE2354 /* mariadb_com.h */,
				27B7B4A621FFFA0C00CE2354 /* mysqld_error.h */,
				27B7B4A721FFFA0C00CE2354 /* ma_common.h */,
				27B7B4A821FFFA0C00CE2354 /* openssl */,
				27B7B4F021FFFA0C00CE2354 /* ma_hash.h */,
				27B7B4F121FFFA0C00CE2354 /* mariadb_version.h */,
				27B7B4F221FFFA0C00CE2354 /* errmsg.h */,
			);
			path = include;
			sourceTree = "<group>";
		};
		27B7B48E21FFFA0C00CE2354 /* mariadb */ = {
			isa = PBXGroup;
			children = (
				27B7B48F21FFFA0C00CE2354 /* ma_io.h */,
			);
			path = mariadb;
			sourceTree = "<group>";
		};
		27B7B49E21FFFA0C00CE2354 /* mysql */ = {
			isa = PBXGroup;
			children = (
				27B7B49F21FFFA0C00CE2354 /* plugin_auth_common.h */,
				27B7B4A021FFFA0C00CE2354 /* plugin_auth.h */,
				27B7B4A121FFFA0C00CE2354 /* client_plugin.h */,
			);
			path = mysql;
			sourceTree = "<group>";
		};
		27B7B4A821FFFA0C00CE2354 /* openssl */ = {
			isa = PBXGroup;
			children = (
				27B7B4A921FFFA0C00CE2354 /* pem2.h */,
				27B7B4AA21FFFA0C00CE2354 /* pem.h */,
				27B7B4AB21FFFA0C00CE2354 /* md2.h */,
				27B7B4AC21FFFA0C00CE2354 /* ssl3.h */,
				27B7B4AD21FFFA0C00CE2354 /* ossl_typ.h */,
				27B7B4AE21FFFA0C00CE2354 /* dtls1.h */,
				27B7B4AF21FFFA0C00CE2354 /* err.h */,
				27B7B4B021FFFA0C00CE2354 /* bn.h */,
				27B7B4B121FFFA0C00CE2354 /* blowfish.h */,
				27B7B4B221FFFA0C00CE2354 /* engine.h */,
				27B7B4B321FFFA0C00CE2354 /* conf_api.h */,
				27B7B4B421FFFA0C00CE2354 /* x509.h */,
				27B7B4B521FFFA0C00CE2354 /* asn1_mac.h */,
				27B7B4B621FFFA0C00CE2354 /* ui.h */,
				27B7B4B721FFFA0C00CE2354 /* kssl.h */,
				27B7B4B821FFFA0C00CE2354 /* sha.h */,
				27B7B4B921FFFA0C00CE2354 /* symhacks.h */,
				27B7B4BA21FFFA0C00CE2354 /* asn1.h */,
				27B7B4BB21FFFA0C00CE2354 /* opensslconf.h */,
				27B7B4BC21FFFA0C00CE2354 /* bio.h */,
				27B7B4BD21FFFA0C00CE2354 /* rc2.h */,
				27B7B4BE21FFFA0C00CE2354 /* dh.h */,
				27B7B4BF21FFFA0C00CE2354 /* ui_compat.h */,
				27B7B4C021FFFA0C00CE2354 /* x509v3.h */,
				27B7B4C121FFFA0C00CE2354 /* ssl23.h */,
				27B7B4C221FFFA0C00CE2354 /* conf.h */,
				27B7B4C321FFFA0C00CE2354 /* md5.h */,
				27B7B4C421FFFA0C00CE2354 /* x509_vfy.h */,
				27B7B4C521FFFA0C00CE2354 /* txt_db.h */,
				27B7B4C621FFFA0C00CE2354 /* safestack.h */,
				27B7B4C721FFFA0C00CE2354 /* ecdsa.h */,
				27B7B4C821FFFA0C00CE2354 /* rc5.h */,
				27B7B4C921FFFA0C00CE2354 /* objects.h */,
				27B7B4CA21FFFA0C00CE2354 /* pkcs12.h */,
				27B7B4CB21FFFA0C00CE2354 /* crypto.h */,
				27B7B4CC21FFFA0C00CE2354 /* opensslv.h */,
				27B7B4CD21FFFA0C00CE2354 /* pkcs7.h */,
				27B7B4CE21FFFA0C00CE2354 /* obj_mac.h */,
				27B7B4CF21FFFA0C00CE2354 /* tmdiff.h */,
				27B7B4D021FFFA0C00CE2354 /* buffer.h */,
				27B7B4D121FFFA0C00CE2354 /* ssl.h */,
				27B7B4D221FFFA0C00CE2354 /* evp.h */,
				27B7B4D321FFFA0C00CE2354 /* e_os2.h */,
				27B7B4D421FFFA0C00CE2354 /* md4.h */,
				27B7B4D521FFFA0C00CE2354 /* hmac.h */,
				27B7B4D621FFFA0C00CE2354 /* aes.h */,
				27B7B4D721FFFA0C00CE2354 /* comp.h */,
				27B7B4D821FFFA0C00CE2354 /* cast.h */,
				27B7B4D921FFFA0C00CE2354 /* rc4.h */,
				27B7B4DA21FFFA0C00CE2354 /* stack.h */,
				27B7B4DB21FFFA0C00CE2354 /* des.h */,
				27B7B4DC21FFFA0C00CE2354 /* ocsp.h */,
				27B7B4DD21FFFA0C00CE2354 /* ec.h */,
				27B7B4DE21FFFA0C00CE2354 /* ecdh.h */,
				27B7B4DF21FFFA0C00CE2354 /* rand.h */,
				27B7B4E021FFFA0C00CE2354 /* pqueue.h */,
				27B7B4E121FFFA0C00CE2354 /* dso.h */,
				27B7B4E221FFFA0C00CE2354 /* seed.h */,
				27B7B4E321FFFA0C00CE2354 /* ssl2.h */,
				27B7B4E421FFFA0C00CE2354 /* rsa.h */,
				27B7B4E521FFFA0C00CE2354 /* krb5_asn.h */,
				27B7B4E621FFFA0C00CE2354 /* des_old.h */,
				27B7B4E721FFFA0C00CE2354 /* ripemd.h */,
				27B7B4E821FFFA0C00CE2354 /* tls1.h */,
				27B7B4E921FFFA0C00CE2354 /* mdc2.h */,
				27B7B4EA21FFFA0C00CE2354 /* dsa.h */,
				27B7B4EB21FFFA0C00CE2354 /* asn1t.h */,
				27B7B4EC21FFFA0C00CE2354 /* ebcdic.h */,
				27B7B4ED21FFFA0C00CE2354 /* store.h */,
				27B7B4EE21FFFA0C00CE2354 /* lhash.h */,
				27B7B4EF21FFFA0C00CE2354 /* pq_compat.h */,
			);
			path = openssl;
			sourceTree = "<group>";
		};
		27B7B4F321FFFA1C00CE2354 /* plugins */ = {
			isa = PBXGroup;
			children = (
				27B7B4F421FFFA1C00CE2354 /* pvio */,
				27B7B4F821FFFA1C00CE2354 /* trace */,
				27B7B4FA21FFFA1C00CE2354 /* connection */,
				27B7B4FD21FFFA1C00CE2354 /* auth */,
				27B7B50D21FFFA1C00CE2354 /* io */,
			);
			path = plugins;
			sourceTree = "<group>";
		};
		27B7B4F421FFFA1C00CE2354 /* pvio */ = {
			isa = PBXGroup;
			children = (
				27B7B4F521FFFA1C00CE2354 /* pvio_socket.c */,
				27B7B4F621FFFA1C00CE2354 /* pvio_npipe.c */,
				27B7B4F721FFFA1C00CE2354 /* pvio_shmem.c */,
			);
			path = pvio;
			sourceTree = "<group>";
		};
		27B7B4F821FFFA1C00CE2354 /* trace */ = {
			isa = PBXGroup;
			children = (
				27B7B4F921FFFA1C00CE2354 /* trace_example.c */,
			);
			path = trace;
			sourceTree = "<group>";
		};
		27B7B4FA21FFFA1C00CE2354 /* connection */ = {
			isa = PBXGroup;
			children = (
				27B7B4FB21FFFA1C00CE2354 /* replication.c */,
				27B7B4FC21FFFA1C00CE2354 /* aurora.c */,
			);
			path = connection;
			sourceTree = "<group>";
		};
		27B7B4FD21FFFA1C00CE2354 /* auth */ = {
			isa = PBXGroup;
			children = (
				27B7B4FE21FFFA1C00CE2354 /* gssapi_client.c */,
				27B7B4FF21FFFA1C00CE2354 /* auth_gssapi_client.c */,
				27B7B50021FFFA1C00CE2354 /* caching_sha2_pw.c */,
				27B7B50121FFFA1C00CE2354 /* my_auth.c */,
				27B7B50221FFFA1C00CE2354 /* server_plugin.h */,
				27B7B50321FFFA1C00CE2354 /* mariadb_cleartext.c */,
				27B7B50421FFFA1C00CE2354 /* gssapi_errmsg.h */,
				27B7B50521FFFA1C00CE2354 /* sspi_errmsg.c */,
				27B7B50621FFFA1C00CE2354 /* sspi_common.h */,
				27B7B50721FFFA1C00CE2354 /* old_password.c */,
				27B7B50821FFFA1C00CE2354 /* common.h */,
				27B7B50921FFFA1C00CE2354 /* sspi_client.c */,
				27B7B50A21FFFA1C00CE2354 /* dialog.c */,
				27B7B50B21FFFA1C00CE2354 /* gssapi_errmsg.c */,
				27B7B50C21FFFA1C00CE2354 /* sha256_pw.c */,
			);
			path = auth;
			sourceTree = "<group>";
		};
		27B7B50D21FFFA1C00CE2354 /* io */ = {
			isa = PBXGroup;
			children = (
				27B7B50E21FFFA1C00CE2354 /* remote_io.c */,
			);
			path = io;
			sourceTree = "<group>";
		};
		27B7B51921FFFD5200CE2354 /* zlib */ = {
			isa = PBXGroup;
			children = (
				27B7B57121FFFDD400CE2354 /* inflate.c */,
				27B7B51A21FFFD5200CE2354 /* zutil.h */,
				27B7B51B21FFFD5200CE2354 /* inftrees.h */,
				27B7B51D21FFFD5200CE2354 /* compress.c */,
				27B7B51F21FFFD5200CE2354 /* deflate.c */,
				27B7B52021FFFD5200CE2354 /* inffixed.h */,
				27B7B52121FFFD5200CE2354 /* gzread.c */,
				27B7B52221FFFD5200CE2354 /* trees.h */,
				27B7B52321FFFD5200CE2354 /* inffast.h */,
				27B7B52421FFFD5200CE2354 /* crc32.c */,
				27B7B52521FFFD5200CE2354 /* infback.c */,
				27B7B52721FFFD5200CE2354 /* zutil.c */,
				27B7B52821FFFD5200CE2354 /* deflate.h */,
				27B7B52921FFFD5200CE2354 /* gzguts.h */,
				27B7B52A21FFFD5200CE2354 /* zlib.h */,
				27B7B52B21FFFD5200CE2354 /* gzlib.c */,
				27B7B52C21FFFD5200CE2354 /* minigzip.c */,
				27B7B52D21FFFD5200CE2354 /* inflate.h */,
				27B7B52E21FFFD5200CE2354 /* inftrees.c */,
				27B7B52F21FFFD5200CE2354 /* uncompr.c */,
				27B7B53021FFFD5200CE2354 /* gzwrite.c */,
				27B7B53121FFFD5200CE2354 /* trees.c */,
				27B7B53221FFFD5200CE2354 /* gzclose.c */,
				27B7B53321FFFD5200CE2354 /* crc32.h */,
				27B7B53421FFFD5200CE2354 /* inffast.c */,
				27B7B53521FFFD5200CE2354 /* adler32.c */,
				27B7B53621FFFD5200CE2354 /* zconf.h */,
			);
			path = zlib;
			sourceTree = "<group>";
		};
		7213B68E1F3E0D7000416FB8 = {
			isa = PBXGroup;
			children = (
				7213B69A1F3E0D7000416FB8 /* MariaDB */,
				7249730B1F3E2A240026F0FA /* MariaDBKitTests-ios */,
				7213B6991F3E0D7000416FB8 /* Products */,
				724972FD1F3E26E10026F0FA /* Frameworks */,
			);
			sourceTree = "<group>";
		};
		7213B6991F3E0D7000416FB8 /* Products */ = {
			isa = PBXGroup;
			children = (
				7213B6981F3E0D7000416FB8 /* MariaDBKit.framework */,
				724972F71F3E23600026F0FA /* MariaDBKit.framework */,
				7249730A1F3E2A240026F0FA /* MariaDBKitTests-ios.xctest */,
			);
			name = Products;
			sourceTree = "<group>";
		};
		7213B69A1F3E0D7000416FB8 /* MariaDB */ = {
			isa = PBXGroup;
			children = (
				27B7B51921FFFD5200CE2354 /* zlib */,
				27B7B4F321FFFA1C00CE2354 /* plugins */,
				27B7B48C21FFFA0C00CE2354 /* include */,
				27B7B43121FFF9F500CE2354 /* libmariadb */,
				7213B69B1F3E0D7000416FB8 /* MariaDBKit.h */,
				7213B69C1F3E0D7000416FB8 /* Info.plist */,
			);
			path = MariaDB;
			sourceTree = "<group>";
		};
		724972FD1F3E26E10026F0FA /* Frameworks */ = {
			isa = PBXGroup;
			children = (
				27B7B50F21FFFAB900CE2354 /* libiconv.tbd */,
				27B7B51121FFFAC300CE2354 /* libiconv.tbd */,
				27F0376321F9F6C20039DFA6 /* libcrypto.a */,
				27F0376221F9F6C20039DFA6 /* libssl.a */,
				724973021F3E27FB0026F0FA /* libcrypto.a */,
				724973031F3E27FB0026F0FA /* libssl.a */,
				724972FE1F3E26E10026F0FA /* libcrypto.a */,
				724972FF1F3E26E10026F0FA /* libssl.a */,
			);
			name = Frameworks;
			sourceTree = "<group>";
		};
		7249730B1F3E2A240026F0FA /* MariaDBKitTests-ios */ = {
			isa = PBXGroup;
			children = (
				7249730C1F3E2A240026F0FA /* MariaDBKitTests_ios.m */,
				7249730E1F3E2A240026F0FA /* Info.plist */,
			);
			path = "MariaDBKitTests-ios";
			sourceTree = "<group>";
		};
/* End PBXGroup section */

/* Begin PBXHeadersBuildPhase section */
		7213B6951F3E0D7000416FB8 /* Headers */ = {
			isa = PBXHeadersBuildPhase;
			buildActionMask = 2147483647;
			files = (
				27B7B5A6220002FA00CE2354 /* mariadb_stmt.h in Headers */,
				7213B69D1F3E0D7000416FB8 /* MariaDBKit.h in Headers */,
				27B7B57421FFFE7F00CE2354 /* mysql.h in Headers */,
				27B7B5A22200029100CE2354 /* mariadb_com.h in Headers */,
				27B7B5A32200029A00CE2354 /* mariadb_version.h in Headers */,
				27B7B5A4220002A000CE2354 /* ma_list.h in Headers */,
				27B7B5A5220002A600CE2354 /* mariadb_ctype.h in Headers */,
				27B7B54321FFFD5300CE2354 /* inffixed.h in Headers */,
				27B7B56921FFFD5300CE2354 /* crc32.h in Headers */,
				27B7B55521FFFD5300CE2354 /* gzguts.h in Headers */,
				27B7B54921FFFD5300CE2354 /* inffast.h in Headers */,
				27B7B55D21FFFD5300CE2354 /* inflate.h in Headers */,
				27B7B53921FFFD5300CE2354 /* inftrees.h in Headers */,
				27B7B55721FFFD5300CE2354 /* zlib.h in Headers */,
				27B7B54721FFFD5300CE2354 /* trees.h in Headers */,
				27B7B56F21FFFD5300CE2354 /* zconf.h in Headers */,
				27B7B55321FFFD5300CE2354 /* deflate.h in Headers */,
				27B7B53721FFFD5300CE2354 /* zutil.h in Headers */,
			);
			runOnlyForDeploymentPostprocessing = 0;
		};
		724972EB1F3E23600026F0FA /* Headers */ = {
			isa = PBXHeadersBuildPhase;
			buildActionMask = 2147483647;
			files = (
				724972EC1F3E23600026F0FA /* MariaDBKit.h in Headers */,
				27B7B57721FFFF3100CE2354 /* mysql.h in Headers */,
				27B7B5A9220003A400CE2354 /* mariadb_ctype.h in Headers */,
				27B7B5AA220003AA00CE2354 /* mariadb_stmt.h in Headers */,
				27B7B5AB220003B100CE2354 /* mariadb_com.h in Headers */,
				27B7B5AC220003B900CE2354 /* mariadb_version.h in Headers */,
				27B7B5AD220003C900CE2354 /* ma_list.h in Headers */,
				27B7B54421FFFD5300CE2354 /* inffixed.h in Headers */,
				27B7B56A21FFFD5300CE2354 /* crc32.h in Headers */,
				27B7B55621FFFD5300CE2354 /* gzguts.h in Headers */,
				27B7B54A21FFFD5300CE2354 /* inffast.h in Headers */,
				27B7B55E21FFFD5300CE2354 /* inflate.h in Headers */,
				27B7B53A21FFFD5300CE2354 /* inftrees.h in Headers */,
				27B7B55821FFFD5300CE2354 /* zlib.h in Headers */,
				27B7B54821FFFD5300CE2354 /* trees.h in Headers */,
				27B7B57021FFFD5300CE2354 /* zconf.h in Headers */,
				27B7B55421FFFD5300CE2354 /* deflate.h in Headers */,
				27B7B53821FFFD5300CE2354 /* zutil.h in Headers */,
			);
			runOnlyForDeploymentPostprocessing = 0;
		};
/* End PBXHeadersBuildPhase section */

/* Begin PBXNativeTarget section */
		7213B6971F3E0D7000416FB8 /* MariaDBKit-macos */ = {
			isa = PBXNativeTarget;
			buildConfigurationList = 7213B6A01F3E0D7000416FB8 /* Build configuration list for PBXNativeTarget "MariaDBKit-macos" */;
			buildPhases = (
				7213B6931F3E0D7000416FB8 /* Sources */,
				7213B6941F3E0D7000416FB8 /* Frameworks */,
				7213B6951F3E0D7000416FB8 /* Headers */,
				7213B6961F3E0D7000416FB8 /* Resources */,
			);
			buildRules = (
			);
			dependencies = (
			);
			name = "MariaDBKit-macos";
			productName = MariaDB;
			productReference = 7213B6981F3E0D7000416FB8 /* MariaDBKit.framework */;
			productType = "com.apple.product-type.framework";
		};
		724972871F3E23600026F0FA /* MariaDBKit-ios */ = {
			isa = PBXNativeTarget;
			buildConfigurationList = 724972F41F3E23600026F0FA /* Build configuration list for PBXNativeTarget "MariaDBKit-ios" */;
			buildPhases = (
				724972EA1F3E23600026F0FA /* Frameworks */,
				724972881F3E23600026F0FA /* Sources */,
				724972EB1F3E23600026F0FA /* Headers */,
				724972F31F3E23600026F0FA /* Resources */,
			);
			buildRules = (
			);
			dependencies = (
			);
			name = "MariaDBKit-ios";
			productName = MariaDB;
			productReference = 724972F71F3E23600026F0FA /* MariaDBKit.framework */;
			productType = "com.apple.product-type.framework";
		};
		724973091F3E2A240026F0FA /* MariaDBKitTests-ios */ = {
			isa = PBXNativeTarget;
			buildConfigurationList = 724973121F3E2A240026F0FA /* Build configuration list for PBXNativeTarget "MariaDBKitTests-ios" */;
			buildPhases = (
				724973061F3E2A240026F0FA /* Sources */,
				724973071F3E2A240026F0FA /* Frameworks */,
				724973081F3E2A240026F0FA /* Resources */,
			);
			buildRules = (
			);
			dependencies = (
				724973111F3E2A240026F0FA /* PBXTargetDependency */,
			);
			name = "MariaDBKitTests-ios";
			productName = "MariaDBKitTests-ios";
			productReference = 7249730A1F3E2A240026F0FA /* MariaDBKitTests-ios.xctest */;
			productType = "com.apple.product-type.bundle.unit-test";
		};
/* End PBXNativeTarget section */

/* Begin PBXProject section */
		7213B68F1F3E0D7000416FB8 /* Project object */ = {
			isa = PBXProject;
			attributes = {
				LastUpgradeCheck = 0900;
				ORGANIZATIONNAME = "Kyle Hankinson";
				TargetAttributes = {
					7213B6971F3E0D7000416FB8 = {
						CreatedOnToolsVersion = 9.0;
					};
					724973091F3E2A240026F0FA = {
						CreatedOnToolsVersion = 8.3.3;
						ProvisioningStyle = Automatic;
					};
				};
			};
			buildConfigurationList = 7213B6921F3E0D7000416FB8 /* Build configuration list for PBXProject "MariaDBKit" */;
			compatibilityVersion = "Xcode 8.0";
			developmentRegion = en;
			hasScannedForEncodings = 0;
			knownRegions = (
				en,
			);
			mainGroup = 7213B68E1F3E0D7000416FB8;
			productRefGroup = 7213B6991F3E0D7000416FB8 /* Products */;
			projectDirPath = "";
			projectRoot = "";
			targets = (
				7213B6971F3E0D7000416FB8 /* MariaDBKit-macos */,
				724972871F3E23600026F0FA /* MariaDBKit-ios */,
				724973091F3E2A240026F0FA /* MariaDBKitTests-ios */,
			);
		};
/* End PBXProject section */

/* Begin PBXResourcesBuildPhase section */
		7213B6961F3E0D7000416FB8 /* Resources */ = {
			isa = PBXResourcesBuildPhase;
			buildActionMask = 2147483647;
			files = (
				27B7B46A21FFF9F500CE2354 /* ma_client_plugin.c.in in Resources */,
			);
			runOnlyForDeploymentPostprocessing = 0;
		};
		724972F31F3E23600026F0FA /* Resources */ = {
			isa = PBXResourcesBuildPhase;
			buildActionMask = 2147483647;
			files = (
				27B7B46B21FFF9F500CE2354 /* ma_client_plugin.c.in in Resources */,
			);
			runOnlyForDeploymentPostprocessing = 0;
		};
		724973081F3E2A240026F0FA /* Resources */ = {
			isa = PBXResourcesBuildPhase;
			buildActionMask = 2147483647;
			files = (
				724973151F3E2C040026F0FA /* MariaDBKit.framework in Resources */,
			);
			runOnlyForDeploymentPostprocessing = 0;
		};
/* End PBXResourcesBuildPhase section */

/* Begin PBXSourcesBuildPhase section */
		7213B6931F3E0D7000416FB8 /* Sources */ = {
			isa = PBXSourcesBuildPhase;
			buildActionMask = 2147483647;
			files = (
				27B7B51821FFFBFA00CE2354 /* old_password.c in Sources */,
				27B7B51621FFFBC400CE2354 /* pvio_socket.c in Sources */,
				27B7B54521FFFD5300CE2354 /* gzread.c in Sources */,
				27B7B51721FFFBD400CE2354 /* my_auth.c in Sources */,
				27B7B56D21FFFD5300CE2354 /* adler32.c in Sources */,
				27B7B48221FFF9F500CE2354 /* ma_client_plugin.c in Sources */,
				27B7B56B21FFFD5300CE2354 /* inffast.c in Sources */,
				27B7B48421FFF9F500CE2354 /* ma_pvio.c in Sources */,
				27B7B45421FFF9F500CE2354 /* ma_charset.c in Sources */,
				27B7B46621FFF9F500CE2354 /* ma_loaddata.c in Sources */,
				27B7B45021FFF9F500CE2354 /* mariadb_charset.c in Sources */,
				720B049A2201D7FC0051FC88 /* sha256_pw.c in Sources */,
				27B7B45221FFF9F500CE2354 /* ma_context.c in Sources */,
				27B7B46421FFF9F500CE2354 /* ma_init.c in Sources */,
				27B7B54B21FFFD5300CE2354 /* crc32.c in Sources */,
				27B7B47C21FFF9F500CE2354 /* ma_default.c in Sources */,
				27B7B47E21FFF9F500CE2354 /* ma_array.c in Sources */,
				27B7B45C21FFF9F500CE2354 /* ma_dtoa.c in Sources */,
				27B7B53D21FFFD5300CE2354 /* compress.c in Sources */,
				27B7B47821FFF9F500CE2354 /* ma_stmt_codec.c in Sources */,
				27B7B45E21FFF9F500CE2354 /* ma_ll2str.c in Sources */,
				27B7B46E21FFF9F500CE2354 /* ma_alloc.c in Sources */,
				27B7B46C21FFF9F500CE2354 /* ma_hash.c in Sources */,
				27B7B45821FFF9F500CE2354 /* ma_errmsg.c in Sources */,
				27B7B46221FFF9F500CE2354 /* ma_password.c in Sources */,
				27B7B55121FFFD5300CE2354 /* zutil.c in Sources */,
				27B7B56721FFFD5300CE2354 /* gzclose.c in Sources */,
				27B7B47421FFF9F500CE2354 /* ma_net.c in Sources */,
				27B7B56121FFFD5300CE2354 /* uncompr.c in Sources */,
				27B7B47A21FFF9F500CE2354 /* ma_tls.c in Sources */,
				27B7B57221FFFDD500CE2354 /* inflate.c in Sources */,
				27B7B47621FFF9F500CE2354 /* mariadb_lib.c in Sources */,
				27B7B48021FFF9F500CE2354 /* mariadb_dyncol.c in Sources */,
				27B7B55921FFFD5300CE2354 /* gzlib.c in Sources */,
				27B7B46021FFF9F500CE2354 /* ma_string.c in Sources */,
				27B7B48821FFF9F500CE2354 /* mariadb_async.c in Sources */,
				27B7B46821FFF9F500CE2354 /* ma_sha1.c in Sources */,
				27B7B47221FFF9F500CE2354 /* ma_time.c in Sources */,
				27B7B48621FFF9F500CE2354 /* mariadb_stmt.c in Sources */,
				27B7B54D21FFFD5300CE2354 /* infback.c in Sources */,
				27B7B54121FFFD5300CE2354 /* deflate.c in Sources */,
				27B7B55F21FFFD5300CE2354 /* inftrees.c in Sources */,
				27B7B56321FFFD5300CE2354 /* gzwrite.c in Sources */,
				27B7B47021FFF9F500CE2354 /* ma_io.c in Sources */,
				27B7B55B21FFFD5300CE2354 /* minigzip.c in Sources */,
				27B7B45621FFF9F500CE2354 /* ma_list.c in Sources */,
				27B7B45A21FFF9F500CE2354 /* ma_compress.c in Sources */,
				27B7B48A21FFF9F500CE2354 /* get_password.c in Sources */,
				27B7B56521FFFD5300CE2354 /* trees.c in Sources */,
			);
			runOnlyForDeploymentPostprocessing = 0;
		};
		724972881F3E23600026F0FA /* Sources */ = {
			isa = PBXSourcesBuildPhase;
			buildActionMask = 2147483647;
			files = (
				27B7B51521FFFAEF00CE2354 /* pvio_socket.c in Sources */,
				27B7B51321FFFAE300CE2354 /* my_auth.c in Sources */,
				27B7B54621FFFD5300CE2354 /* gzread.c in Sources */,
				27B7B51421FFFAE700CE2354 /* old_password.c in Sources */,
				27B7B56E21FFFD5300CE2354 /* adler32.c in Sources */,
				27B7B48321FFF9F500CE2354 /* ma_client_plugin.c in Sources */,
				27B7B56C21FFFD5300CE2354 /* inffast.c in Sources */,
				27B7B48521FFF9F500CE2354 /* ma_pvio.c in Sources */,
				27B7B45521FFF9F500CE2354 /* ma_charset.c in Sources */,
				27B7B46721FFF9F500CE2354 /* ma_loaddata.c in Sources */,
				27B7B45121FFF9F500CE2354 /* mariadb_charset.c in Sources */,
				720B049B2201D8030051FC88 /* sha256_pw.c in Sources */,
				27B7B45321FFF9F500CE2354 /* ma_context.c in Sources */,
				27B7B46521FFF9F500CE2354 /* ma_init.c in Sources */,
				27B7B54C21FFFD5300CE2354 /* crc32.c in Sources */,
				27B7B47D21FFF9F500CE2354 /* ma_default.c in Sources */,
				27B7B47F21FFF9F500CE2354 /* ma_array.c in Sources */,
				27B7B45D21FFF9F500CE2354 /* ma_dtoa.c in Sources */,
				27B7B53E21FFFD5300CE2354 /* compress.c in Sources */,
				27B7B47921FFF9F500CE2354 /* ma_stmt_codec.c in Sources */,
				27B7B45F21FFF9F500CE2354 /* ma_ll2str.c in Sources */,
				27B7B46F21FFF9F500CE2354 /* ma_alloc.c in Sources */,
				27B7B46D21FFF9F500CE2354 /* ma_hash.c in Sources */,
				27B7B45921FFF9F500CE2354 /* ma_errmsg.c in Sources */,
				27B7B46321FFF9F500CE2354 /* ma_password.c in Sources */,
				27B7B55221FFFD5300CE2354 /* zutil.c in Sources */,
				27B7B56821FFFD5300CE2354 /* gzclose.c in Sources */,
				27B7B47521FFF9F500CE2354 /* ma_net.c in Sources */,
				27B7B56221FFFD5300CE2354 /* uncompr.c in Sources */,
				27B7B47B21FFF9F500CE2354 /* ma_tls.c in Sources */,
				27B7B57321FFFDD500CE2354 /* inflate.c in Sources */,
				27B7B47721FFF9F500CE2354 /* mariadb_lib.c in Sources */,
				27B7B48121FFF9F500CE2354 /* mariadb_dyncol.c in Sources */,
				27B7B55A21FFFD5300CE2354 /* gzlib.c in Sources */,
				27B7B46121FFF9F500CE2354 /* ma_string.c in Sources */,
				27B7B48921FFF9F500CE2354 /* mariadb_async.c in Sources */,
				27B7B46921FFF9F500CE2354 /* ma_sha1.c in Sources */,
				27B7B47321FFF9F500CE2354 /* ma_time.c in Sources */,
				27B7B48721FFF9F500CE2354 /* mariadb_stmt.c in Sources */,
				27B7B54E21FFFD5300CE2354 /* infback.c in Sources */,
				27B7B54221FFFD5300CE2354 /* deflate.c in Sources */,
				27B7B56021FFFD5300CE2354 /* inftrees.c in Sources */,
				27B7B56421FFFD5300CE2354 /* gzwrite.c in Sources */,
				27B7B47121FFF9F500CE2354 /* ma_io.c in Sources */,
				27B7B55C21FFFD5300CE2354 /* minigzip.c in Sources */,
				27B7B45721FFF9F500CE2354 /* ma_list.c in Sources */,
				27B7B45B21FFF9F500CE2354 /* ma_compress.c in Sources */,
				27B7B48B21FFF9F500CE2354 /* get_password.c in Sources */,
				27B7B56621FFFD5300CE2354 /* trees.c in Sources */,
			);
			runOnlyForDeploymentPostprocessing = 0;
		};
		724973061F3E2A240026F0FA /* Sources */ = {
			isa = PBXSourcesBuildPhase;
			buildActionMask = 2147483647;
			files = (
				7249730D1F3E2A240026F0FA /* MariaDBKitTests_ios.m in Sources */,
			);
			runOnlyForDeploymentPostprocessing = 0;
		};
/* End PBXSourcesBuildPhase section */

/* Begin PBXTargetDependency section */
		724973111F3E2A240026F0FA /* PBXTargetDependency */ = {
			isa = PBXTargetDependency;
			target = 724972871F3E23600026F0FA /* MariaDBKit-ios */;
			targetProxy = 724973101F3E2A240026F0FA /* PBXContainerItemProxy */;
		};
/* End PBXTargetDependency section */

/* Begin XCBuildConfiguration section */
		7213B69E1F3E0D7000416FB8 /* Debug */ = {
			isa = XCBuildConfiguration;
			buildSettings = {
				ALWAYS_SEARCH_USER_PATHS = NO;
				CLANG_ANALYZER_NONNULL = YES;
				CLANG_ANALYZER_NUMBER_OBJECT_CONVERSION = YES_AGGRESSIVE;
				CLANG_CXX_LANGUAGE_STANDARD = "gnu++14";
				CLANG_CXX_LIBRARY = "libc++";
				CLANG_ENABLE_MODULES = YES;
				CLANG_ENABLE_OBJC_ARC = YES;
				CLANG_WARN_BLOCK_CAPTURE_AUTORELEASING = YES;
				CLANG_WARN_BOOL_CONVERSION = YES;
				CLANG_WARN_COMMA = YES;
				CLANG_WARN_CONSTANT_CONVERSION = YES;
				CLANG_WARN_DIRECT_OBJC_ISA_USAGE = YES_ERROR;
				CLANG_WARN_DOCUMENTATION_COMMENTS = YES;
				CLANG_WARN_EMPTY_BODY = YES;
				CLANG_WARN_ENUM_CONVERSION = YES;
				CLANG_WARN_INFINITE_RECURSION = YES;
				CLANG_WARN_INT_CONVERSION = YES;
				CLANG_WARN_NON_LITERAL_NULL_CONVERSION = YES;
				CLANG_WARN_OBJC_LITERAL_CONVERSION = YES;
				CLANG_WARN_OBJC_ROOT_CLASS = YES_ERROR;
				CLANG_WARN_RANGE_LOOP_ANALYSIS = YES;
				CLANG_WARN_STRICT_PROTOTYPES = YES;
				CLANG_WARN_SUSPICIOUS_MOVE = YES;
				CLANG_WARN_UNGUARDED_AVAILABILITY = YES_AGGRESSIVE;
				CLANG_WARN_UNREACHABLE_CODE = YES;
				CLANG_WARN__DUPLICATE_METHOD_MATCH = YES;
				CODE_SIGN_IDENTITY = "Mac Developer";
				COPY_PHASE_STRIP = NO;
				CURRENT_PROJECT_VERSION = 1;
				DEBUG_INFORMATION_FORMAT = dwarf;
				ENABLE_STRICT_OBJC_MSGSEND = YES;
				ENABLE_TESTABILITY = YES;
				GCC_C_LANGUAGE_STANDARD = gnu11;
				GCC_DYNAMIC_NO_PIC = NO;
				GCC_NO_COMMON_BLOCKS = YES;
				GCC_OPTIMIZATION_LEVEL = 0;
				GCC_PREPROCESSOR_DEFINITIONS = (
					"DEBUG=1",
					"$(inherited)",
				);
				GCC_WARN_64_TO_32_BIT_CONVERSION = YES;
				GCC_WARN_ABOUT_RETURN_TYPE = YES_ERROR;
				GCC_WARN_UNDECLARED_SELECTOR = YES;
				GCC_WARN_UNINITIALIZED_AUTOS = YES_AGGRESSIVE;
				GCC_WARN_UNUSED_FUNCTION = YES;
				GCC_WARN_UNUSED_VARIABLE = YES;
				IPHONEOS_DEPLOYMENT_TARGET = 10.0;
				MACOSX_DEPLOYMENT_TARGET = 10.10;
				MTL_ENABLE_DEBUG_INFO = YES;
				ONLY_ACTIVE_ARCH = YES;
				SDKROOT = macosx;
				SUPPORTED_PLATFORMS = "macosx iOS";
				SYSTEM_HEADER_SEARCH_PATHS = "$(SRCROOT)/MariaDB/include/ $(SRCROOT)/MariaDB/include/openssl";
				VERSIONING_SYSTEM = "apple-generic";
				VERSION_INFO_PREFIX = "";
			};
			name = Debug;
		};
		7213B69F1F3E0D7000416FB8 /* Release */ = {
			isa = XCBuildConfiguration;
			buildSettings = {
				ALWAYS_SEARCH_USER_PATHS = NO;
				CLANG_ANALYZER_NONNULL = YES;
				CLANG_ANALYZER_NUMBER_OBJECT_CONVERSION = YES_AGGRESSIVE;
				CLANG_CXX_LANGUAGE_STANDARD = "gnu++14";
				CLANG_CXX_LIBRARY = "libc++";
				CLANG_ENABLE_MODULES = YES;
				CLANG_ENABLE_OBJC_ARC = YES;
				CLANG_WARN_BLOCK_CAPTURE_AUTORELEASING = YES;
				CLANG_WARN_BOOL_CONVERSION = YES;
				CLANG_WARN_COMMA = YES;
				CLANG_WARN_CONSTANT_CONVERSION = YES;
				CLANG_WARN_DIRECT_OBJC_ISA_USAGE = YES_ERROR;
				CLANG_WARN_DOCUMENTATION_COMMENTS = YES;
				CLANG_WARN_EMPTY_BODY = YES;
				CLANG_WARN_ENUM_CONVERSION = YES;
				CLANG_WARN_INFINITE_RECURSION = YES;
				CLANG_WARN_INT_CONVERSION = YES;
				CLANG_WARN_NON_LITERAL_NULL_CONVERSION = YES;
				CLANG_WARN_OBJC_LITERAL_CONVERSION = YES;
				CLANG_WARN_OBJC_ROOT_CLASS = YES_ERROR;
				CLANG_WARN_RANGE_LOOP_ANALYSIS = YES;
				CLANG_WARN_STRICT_PROTOTYPES = YES;
				CLANG_WARN_SUSPICIOUS_MOVE = YES;
				CLANG_WARN_UNGUARDED_AVAILABILITY = YES_AGGRESSIVE;
				CLANG_WARN_UNREACHABLE_CODE = YES;
				CLANG_WARN__DUPLICATE_METHOD_MATCH = YES;
				CODE_SIGN_IDENTITY = "Mac Developer";
				COPY_PHASE_STRIP = NO;
				CURRENT_PROJECT_VERSION = 1;
				DEBUG_INFORMATION_FORMAT = "dwarf-with-dsym";
				ENABLE_NS_ASSERTIONS = NO;
				ENABLE_STRICT_OBJC_MSGSEND = YES;
				GCC_C_LANGUAGE_STANDARD = gnu11;
				GCC_NO_COMMON_BLOCKS = YES;
				GCC_PREPROCESSOR_DEFINITIONS = "";
				GCC_WARN_64_TO_32_BIT_CONVERSION = YES;
				GCC_WARN_ABOUT_RETURN_TYPE = YES_ERROR;
				GCC_WARN_UNDECLARED_SELECTOR = YES;
				GCC_WARN_UNINITIALIZED_AUTOS = YES_AGGRESSIVE;
				GCC_WARN_UNUSED_FUNCTION = YES;
				GCC_WARN_UNUSED_VARIABLE = YES;
				IPHONEOS_DEPLOYMENT_TARGET = 10.0;
				MACOSX_DEPLOYMENT_TARGET = 10.10;
				MTL_ENABLE_DEBUG_INFO = NO;
				SDKROOT = macosx;
				SUPPORTED_PLATFORMS = "macosx iOS";
				SYSTEM_HEADER_SEARCH_PATHS = "$(SRCROOT)/MariaDB/include/ $(SRCROOT)/MariaDB/include/openssl";
				VERSIONING_SYSTEM = "apple-generic";
				VERSION_INFO_PREFIX = "";
			};
			name = Release;
		};
		7213B6A11F3E0D7000416FB8 /* Debug */ = {
			isa = XCBuildConfiguration;
			buildSettings = {
				CLANG_CXX_LANGUAGE_STANDARD = "compiler-default";
				CLANG_CXX_LIBRARY = "compiler-default";
				CLANG_ENABLE_MODULES = NO;
				CLANG_ENABLE_MODULE_DEBUGGING = NO;
				CODE_SIGN_IDENTITY = "";
				COMBINE_HIDPI_IMAGES = YES;
				DEFINES_MODULE = YES;
				DEVELOPMENT_TEAM = LKJB72232C;
				DYLIB_COMPATIBILITY_VERSION = 1;
				DYLIB_CURRENT_VERSION = 1;
				DYLIB_INSTALL_NAME_BASE = "@rpath";
				FRAMEWORK_VERSION = A;
				GCC_C_LANGUAGE_STANDARD = "compiler-default";
				GCC_PREPROCESSOR_DEFINITIONS = (
					"$(inherited)",
					"DEBUG=1",
					HAVE_OPENSSL,
					"LIBMARIADB=1",
				);
				HEADER_SEARCH_PATHS = "";
				INFOPLIST_FILE = MariaDB/Info.plist;
				INSTALL_PATH = "$(LOCAL_LIBRARY_DIR)/Frameworks";
				LD_RUNPATH_SEARCH_PATHS = "$(inherited) @executable_path/../Frameworks @loader_path/Frameworks";
				LIBRARY_SEARCH_PATHS = (
					"$(inherited)",
					"$(PROJECT_DIR)/libs/macOS",
				);
				MACOSX_DEPLOYMENT_TARGET = 10.10;
				OTHER_CFLAGS = (
					"-fPIC",
					"-D",
					ENABLED_LOCAL_INFILE,
					"-D",
					HAVE_COMPRESS,
					"-D",
					LIBMARIADB,
					"-D",
					THREAD,
					"-D",
					DBUG_OFF,
				);
				OTHER_LDFLAGS = /usr/lib/libiconv.dylib;
				PRODUCT_BUNDLE_IDENTIFIER = com.hankinsoft.sqlpro.MariaDB;
				PRODUCT_NAME = MariaDBKit;
				SKIP_INSTALL = YES;
				SUPPORTED_PLATFORMS = macosx;
			};
			name = Debug;
		};
		7213B6A21F3E0D7000416FB8 /* Release */ = {
			isa = XCBuildConfiguration;
			buildSettings = {
				CLANG_CXX_LANGUAGE_STANDARD = "compiler-default";
				CLANG_CXX_LIBRARY = "compiler-default";
				CLANG_ENABLE_MODULES = NO;
				CLANG_ENABLE_MODULE_DEBUGGING = NO;
				CODE_SIGN_IDENTITY = "";
				COMBINE_HIDPI_IMAGES = YES;
				DEFINES_MODULE = YES;
				DEVELOPMENT_TEAM = LKJB72232C;
				DYLIB_COMPATIBILITY_VERSION = 1;
				DYLIB_CURRENT_VERSION = 1;
				DYLIB_INSTALL_NAME_BASE = "@rpath";
				FRAMEWORK_VERSION = A;
				GCC_C_LANGUAGE_STANDARD = "compiler-default";
				GCC_PREPROCESSOR_DEFINITIONS = HAVE_OPENSSL;
				HEADER_SEARCH_PATHS = "";
				INFOPLIST_FILE = MariaDB/Info.plist;
				INSTALL_PATH = "$(LOCAL_LIBRARY_DIR)/Frameworks";
				LD_RUNPATH_SEARCH_PATHS = "$(inherited) @executable_path/../Frameworks @loader_path/Frameworks";
				LIBRARY_SEARCH_PATHS = (
					"$(inherited)",
					"$(PROJECT_DIR)/libs/macOS",
				);
				MACOSX_DEPLOYMENT_TARGET = 10.10;
				OTHER_CFLAGS = (
					"-fPIC",
					"-D",
					ENABLED_LOCAL_INFILE,
					"-D",
					HAVE_COMPRESS,
					"-D",
					LIBMARIADB,
					"-D",
					THREAD,
					"-D",
					DBUG_OFF,
				);
				OTHER_LDFLAGS = /usr/lib/libiconv.dylib;
				PRODUCT_BUNDLE_IDENTIFIER = com.hankinsoft.sqlpro.MariaDB;
				PRODUCT_NAME = MariaDBKit;
				SKIP_INSTALL = YES;
				SUPPORTED_PLATFORMS = macosx;
			};
			name = Release;
		};
		724972F51F3E23600026F0FA /* Debug */ = {
			isa = XCBuildConfiguration;
			buildSettings = {
				CLANG_CXX_LANGUAGE_STANDARD = "compiler-default";
				CLANG_CXX_LIBRARY = "compiler-default";
				CLANG_ENABLE_MODULES = NO;
				CLANG_ENABLE_MODULE_DEBUGGING = NO;
				CODE_SIGN_IDENTITY = "";
				COMBINE_HIDPI_IMAGES = YES;
				DEFINES_MODULE = YES;
				DEVELOPMENT_TEAM = LKJB72232C;
				DYLIB_COMPATIBILITY_VERSION = 1;
				DYLIB_CURRENT_VERSION = 1;
				DYLIB_INSTALL_NAME_BASE = "@rpath";
				FRAMEWORK_VERSION = A;
				GCC_C_LANGUAGE_STANDARD = "compiler-default";
				GCC_PREPROCESSOR_DEFINITIONS = (
					"$(inherited)",
					"DEBUG=1",
					"HAVE_OPENSSL=1",
				);
				HEADER_SEARCH_PATHS = "$(SOURCE_ROOT)/MariaDB/include_copied/";
				INFOPLIST_FILE = MariaDB/Info.plist;
				INSTALL_PATH = "";
				LD_RUNPATH_SEARCH_PATHS = "$(inherited) @executable_path/../Frameworks @loader_path/Frameworks";
				LIBRARY_SEARCH_PATHS = (
					"$(inherited)",
					"$(PROJECT_DIR)/libs/iOS",
				);
				OTHER_CFLAGS = (
					"-fPIC",
					"-D",
					ENABLED_LOCAL_INFILE,
					"-D",
					HAVE_COMPRESS,
					"-D",
					LIBMARIADB,
					"-D",
					THREAD,
					"-D",
					DBUG_OFF,
				);
				OTHER_LDFLAGS = /usr/lib/libiconv.dylib;
				PRODUCT_BUNDLE_IDENTIFIER = com.hankinsoft.sqlpro.MariaDB;
				PRODUCT_NAME = MariaDBKit;
				SDKROOT = iphoneos;
				SKIP_INSTALL = YES;
				SUPPORTED_PLATFORMS = "iphonesimulator iphoneos";
				VALID_ARCHS = "arm64 armv7 armv7s x86_64";
			};
			name = Debug;
		};
		724972F61F3E23600026F0FA /* Release */ = {
			isa = XCBuildConfiguration;
			buildSettings = {
				CLANG_CXX_LANGUAGE_STANDARD = "compiler-default";
				CLANG_CXX_LIBRARY = "compiler-default";
				CLANG_ENABLE_MODULES = NO;
				CLANG_ENABLE_MODULE_DEBUGGING = NO;
				CODE_SIGN_IDENTITY = "";
				COMBINE_HIDPI_IMAGES = YES;
				DEFINES_MODULE = YES;
				DEVELOPMENT_TEAM = LKJB72232C;
				DYLIB_COMPATIBILITY_VERSION = 1;
				DYLIB_CURRENT_VERSION = 1;
				DYLIB_INSTALL_NAME_BASE = "@rpath";
				FRAMEWORK_VERSION = A;
				GCC_C_LANGUAGE_STANDARD = "compiler-default";
				GCC_PREPROCESSOR_DEFINITIONS = "HAVE_OPENSSL=1";
				HEADER_SEARCH_PATHS = "$(SOURCE_ROOT)/MariaDB/include_copied/";
				INFOPLIST_FILE = MariaDB/Info.plist;
				INSTALL_PATH = "";
				LD_RUNPATH_SEARCH_PATHS = "$(inherited) @executable_path/../Frameworks @loader_path/Frameworks";
				LIBRARY_SEARCH_PATHS = (
					"$(inherited)",
					"$(PROJECT_DIR)/libs/iOS",
				);
				OTHER_CFLAGS = (
					"-fPIC",
					"-D",
					ENABLED_LOCAL_INFILE,
					"-D",
					HAVE_COMPRESS,
					"-D",
					LIBMARIADB,
					"-D",
					THREAD,
					"-D",
					DBUG_OFF,
				);
				OTHER_LDFLAGS = /usr/lib/libiconv.dylib;
				PRODUCT_BUNDLE_IDENTIFIER = com.hankinsoft.sqlpro.MariaDB;
				PRODUCT_NAME = MariaDBKit;
				SDKROOT = iphoneos;
				SKIP_INSTALL = YES;
				SUPPORTED_PLATFORMS = "iphonesimulator iphoneos";
				VALID_ARCHS = "arm64 armv7 armv7s x86_64";
			};
			name = Release;
		};
		724973131F3E2A240026F0FA /* Debug */ = {
			isa = XCBuildConfiguration;
			buildSettings = {
				CLANG_CXX_LANGUAGE_STANDARD = "gnu++0x";
				"CODE_SIGN_IDENTITY[sdk=iphoneos*]" = "iPhone Developer";
				DEVELOPMENT_TEAM = LKJB72232C;
				GCC_C_LANGUAGE_STANDARD = gnu99;
				HEADER_SEARCH_PATHS = "";
				INFOPLIST_FILE = "MariaDBKitTests-ios/Info.plist";
				IPHONEOS_DEPLOYMENT_TARGET = 10.3;
				LD_RUNPATH_SEARCH_PATHS = "$(inherited) @executable_path/Frameworks @loader_path/Frameworks";
				PRODUCT_BUNDLE_IDENTIFIER = "com.hankinsoft.sqlpro.MariaDBKitTests-ios";
				PRODUCT_NAME = "$(TARGET_NAME)";
				SDKROOT = iphoneos;
			};
			name = Debug;
		};
		724973141F3E2A240026F0FA /* Release */ = {
			isa = XCBuildConfiguration;
			buildSettings = {
				CLANG_CXX_LANGUAGE_STANDARD = "gnu++0x";
				"CODE_SIGN_IDENTITY[sdk=iphoneos*]" = "iPhone Developer";
				DEVELOPMENT_TEAM = LKJB72232C;
				GCC_C_LANGUAGE_STANDARD = gnu99;
				HEADER_SEARCH_PATHS = "";
				INFOPLIST_FILE = "MariaDBKitTests-ios/Info.plist";
				IPHONEOS_DEPLOYMENT_TARGET = 10.3;
				LD_RUNPATH_SEARCH_PATHS = "$(inherited) @executable_path/Frameworks @loader_path/Frameworks";
				PRODUCT_BUNDLE_IDENTIFIER = "com.hankinsoft.sqlpro.MariaDBKitTests-ios";
				PRODUCT_NAME = "$(TARGET_NAME)";
				SDKROOT = iphoneos;
				VALIDATE_PRODUCT = YES;
			};
			name = Release;
		};
/* End XCBuildConfiguration section */

/* Begin XCConfigurationList section */
		7213B6921F3E0D7000416FB8 /* Build configuration list for PBXProject "MariaDBKit" */ = {
			isa = XCConfigurationList;
			buildConfigurations = (
				7213B69E1F3E0D7000416FB8 /* Debug */,
				7213B69F1F3E0D7000416FB8 /* Release */,
			);
			defaultConfigurationIsVisible = 0;
			defaultConfigurationName = Release;
		};
		7213B6A01F3E0D7000416FB8 /* Build configuration list for PBXNativeTarget "MariaDBKit-macos" */ = {
			isa = XCConfigurationList;
			buildConfigurations = (
				7213B6A11F3E0D7000416FB8 /* Debug */,
				7213B6A21F3E0D7000416FB8 /* Release */,
			);
			defaultConfigurationIsVisible = 0;
			defaultConfigurationName = Release;
		};
		724972F41F3E23600026F0FA /* Build configuration list for PBXNativeTarget "MariaDBKit-ios" */ = {
			isa = XCConfigurationList;
			buildConfigurations = (
				724972F51F3E23600026F0FA /* Debug */,
				724972F61F3E23600026F0FA /* Release */,
			);
			defaultConfigurationIsVisible = 0;
			defaultConfigurationName = Release;
		};
		724973121F3E2A240026F0FA /* Build configuration list for PBXNativeTarget "MariaDBKitTests-ios" */ = {
			isa = XCConfigurationList;
			buildConfigurations = (
				724973131F3E2A240026F0FA /* Debug */,
				724973141F3E2A240026F0FA /* Release */,
			);
			defaultConfigurationIsVisible = 0;
			defaultConfigurationName = Release;
		};
/* End XCConfigurationList section */
	};
	rootObject = 7213B68F1F3E0D7000416FB8 /* Project object */;
}
